
Microsoft Visual Studio Solution File, Format Version 12.00
# Visual Studio 15
VisualStudioVersion = 15.0.26403.7
MinimumVisualStudioVersion = 10.0.40219.1
Project("{9A19103F-16F7-4668-BE54-9A1E7A4F7556}") = "Plugin.HttpTransferTasks", "Plugin.HttpTransferTasks\Plugin.HttpTransferTasks.csproj", "{DA481A2A-2AD7-4FA7-BFB0-E54E4F0E453B}"
EndProject
Project("{2150E333-8FDC-42A3-9474-1A3956D46DE8}") = "Solution Items", "Solution Items", "{BAF0DBEB-F4F1-4C8D-94E4-54D53CF0C682}"
	ProjectSection(SolutionItems) = preProject
		ISSUE_TEMPLATE = ISSUE_TEMPLATE
		LICENSE.md = LICENSE.md
		nuget.exe = nuget.exe
		push.cmd = push.cmd
		readme.md = readme.md
	EndProjectSection
EndProject
Project("{2150E333-8FDC-42A3-9474-1A3956D46DE8}") = "lib", "lib", "{134068EF-4129-4774-A5F8-DF6866DFE09D}"
EndProject
Global
	GlobalSection(SolutionConfigurationPlatforms) = preSolution
		Ad-Hoc|Any CPU = Ad-Hoc|Any CPU
		Ad-Hoc|ARM = Ad-Hoc|ARM
		Ad-Hoc|iPhone = Ad-Hoc|iPhone
		Ad-Hoc|iPhoneSimulator = Ad-Hoc|iPhoneSimulator
		Ad-Hoc|x64 = Ad-Hoc|x64
		Ad-Hoc|x86 = Ad-Hoc|x86
		AppStore|Any CPU = AppStore|Any CPU
		AppStore|ARM = AppStore|ARM
		AppStore|iPhone = AppStore|iPhone
		AppStore|iPhoneSimulator = AppStore|iPhoneSimulator
		AppStore|x64 = AppStore|x64
		AppStore|x86 = AppStore|x86
		Debug|Any CPU = Debug|Any CPU
		Debug|ARM = Debug|ARM
		Debug|iPhone = Debug|iPhone
		Debug|iPhoneSimulator = Debug|iPhoneSimulator
		Debug|x64 = Debug|x64
		Debug|x86 = Debug|x86
		Release|Any CPU = Release|Any CPU
		Release|ARM = Release|ARM
		Release|iPhone = Release|iPhone
		Release|iPhoneSimulator = Release|iPhoneSimulator
		Release|x64 = Release|x64
		Release|x86 = Release|x86
	EndGlobalSection
	GlobalSection(ProjectConfigurationPlatforms) = postSolution
		{DA481A2A-2AD7-4FA7-BFB0-E54E4F0E453B}.Ad-Hoc|Any CPU.ActiveCfg = Release|Any CPU
		{DA481A2A-2AD7-4FA7-BFB0-E54E4F0E453B}.Ad-Hoc|Any CPU.Build.0 = Release|Any CPU
		{DA481A2A-2AD7-4FA7-BFB0-E54E4F0E453B}.Ad-Hoc|ARM.ActiveCfg = Release|Any CPU
		{DA481A2A-2AD7-4FA7-BFB0-E54E4F0E453B}.Ad-Hoc|ARM.Build.0 = Release|Any CPU
		{DA481A2A-2AD7-4FA7-BFB0-E54E4F0E453B}.Ad-Hoc|iPhone.ActiveCfg = Release|Any CPU
		{DA481A2A-2AD7-4FA7-BFB0-E54E4F0E453B}.Ad-Hoc|iPhone.Build.0 = Release|Any CPU
		{DA481A2A-2AD7-4FA7-BFB0-E54E4F0E453B}.Ad-Hoc|iPhoneSimulator.ActiveCfg = Release|Any CPU
		{DA481A2A-2AD7-4FA7-BFB0-E54E4F0E453B}.Ad-Hoc|iPhoneSimulator.Build.0 = Release|Any CPU
		{DA481A2A-2AD7-4FA7-BFB0-E54E4F0E453B}.Ad-Hoc|x64.ActiveCfg = Release|Any CPU
		{DA481A2A-2AD7-4FA7-BFB0-E54E4F0E453B}.Ad-Hoc|x64.Build.0 = Release|Any CPU
		{DA481A2A-2AD7-4FA7-BFB0-E54E4F0E453B}.Ad-Hoc|x86.ActiveCfg = Release|Any CPU
		{DA481A2A-2AD7-4FA7-BFB0-E54E4F0E453B}.Ad-Hoc|x86.Build.0 = Release|Any CPU
		{DA481A2A-2AD7-4FA7-BFB0-E54E4F0E453B}.AppStore|Any CPU.ActiveCfg = Release|Any CPU
		{DA481A2A-2AD7-4FA7-BFB0-E54E4F0E453B}.AppStore|Any CPU.Build.0 = Release|Any CPU
		{DA481A2A-2AD7-4FA7-BFB0-E54E4F0E453B}.AppStore|ARM.ActiveCfg = Release|Any CPU
		{DA481A2A-2AD7-4FA7-BFB0-E54E4F0E453B}.AppStore|ARM.Build.0 = Release|Any CPU
		{DA481A2A-2AD7-4FA7-BFB0-E54E4F0E453B}.AppStore|iPhone.ActiveCfg = Release|Any CPU
		{DA481A2A-2AD7-4FA7-BFB0-E54E4F0E453B}.AppStore|iPhone.Build.0 = Release|Any CPU
		{DA481A2A-2AD7-4FA7-BFB0-E54E4F0E453B}.AppStore|iPhoneSimulator.ActiveCfg = Release|Any CPU
		{DA481A2A-2AD7-4FA7-BFB0-E54E4F0E453B}.AppStore|iPhoneSimulator.Build.0 = Release|Any CPU
		{DA481A2A-2AD7-4FA7-BFB0-E54E4F0E453B}.AppStore|x64.ActiveCfg = Release|Any CPU
		{DA481A2A-2AD7-4FA7-BFB0-E54E4F0E453B}.AppStore|x64.Build.0 = Release|Any CPU
		{DA481A2A-2AD7-4FA7-BFB0-E54E4F0E453B}.AppStore|x86.ActiveCfg = Release|Any CPU
		{DA481A2A-2AD7-4FA7-BFB0-E54E4F0E453B}.AppStore|x86.Build.0 = Release|Any CPU
		{DA481A2A-2AD7-4FA7-BFB0-E54E4F0E453B}.Debug|Any CPU.ActiveCfg = Debug|Any CPU
		{DA481A2A-2AD7-4FA7-BFB0-E54E4F0E453B}.Debug|Any CPU.Build.0 = Debug|Any CPU
		{DA481A2A-2AD7-4FA7-BFB0-E54E4F0E453B}.Debug|ARM.ActiveCfg = Debug|Any CPU
		{DA481A2A-2AD7-4FA7-BFB0-E54E4F0E453B}.Debug|ARM.Build.0 = Debug|Any CPU
		{DA481A2A-2AD7-4FA7-BFB0-E54E4F0E453B}.Debug|iPhone.ActiveCfg = Debug|Any CPU
		{DA481A2A-2AD7-4FA7-BFB0-E54E4F0E453B}.Debug|iPhone.Build.0 = Debug|Any CPU
		{DA481A2A-2AD7-4FA7-BFB0-E54E4F0E453B}.Debug|iPhoneSimulator.ActiveCfg = Debug|Any CPU
		{DA481A2A-2AD7-4FA7-BFB0-E54E4F0E453B}.Debug|iPhoneSimulator.Build.0 = Debug|Any CPU
		{DA481A2A-2AD7-4FA7-BFB0-E54E4F0E453B}.Debug|x64.ActiveCfg = Debug|Any CPU
		{DA481A2A-2AD7-4FA7-BFB0-E54E4F0E453B}.Debug|x64.Build.0 = Debug|Any CPU
		{DA481A2A-2AD7-4FA7-BFB0-E54E4F0E453B}.Debug|x86.ActiveCfg = Debug|Any CPU
		{DA481A2A-2AD7-4FA7-BFB0-E54E4F0E453B}.Debug|x86.Build.0 = Debug|Any CPU
		{DA481A2A-2AD7-4FA7-BFB0-E54E4F0E453B}.Release|Any CPU.ActiveCfg = Release|Any CPU
		{DA481A2A-2AD7-4FA7-BFB0-E54E4F0E453B}.Release|Any CPU.Build.0 = Release|Any CPU
		{DA481A2A-2AD7-4FA7-BFB0-E54E4F0E453B}.Release|ARM.ActiveCfg = Release|Any CPU
		{DA481A2A-2AD7-4FA7-BFB0-E54E4F0E453B}.Release|ARM.Build.0 = Release|Any CPU
		{DA481A2A-2AD7-4FA7-BFB0-E54E4F0E453B}.Release|iPhone.ActiveCfg = Release|Any CPU
		{DA481A2A-2AD7-4FA7-BFB0-E54E4F0E453B}.Release|iPhone.Build.0 = Release|Any CPU
		{DA481A2A-2AD7-4FA7-BFB0-E54E4F0E453B}.Release|iPhoneSimulator.ActiveCfg = Release|Any CPU
		{DA481A2A-2AD7-4FA7-BFB0-E54E4F0E453B}.Release|iPhoneSimulator.Build.0 = Release|Any CPU
		{DA481A2A-2AD7-4FA7-BFB0-E54E4F0E453B}.Release|x64.ActiveCfg = Release|Any CPU
		{DA481A2A-2AD7-4FA7-BFB0-E54E4F0E453B}.Release|x64.Build.0 = Release|Any CPU
		{DA481A2A-2AD7-4FA7-BFB0-E54E4F0E453B}.Release|x86.ActiveCfg = Release|Any CPU
		{DA481A2A-2AD7-4FA7-BFB0-E54E4F0E453B}.Release|x86.Build.0 = Release|Any CPU
	EndGlobalSection
	GlobalSection(SolutionProperties) = preSolution
		HideSolutionNode = FALSE
	EndGlobalSection
	GlobalSection(NestedProjects) = preSolution
		{DA481A2A-2AD7-4FA7-BFB0-E54E4F0E453B} = {134068EF-4129-4774-A5F8-DF6866DFE09D}
	EndGlobalSection
	GlobalSection(ExtensibilityGlobals) = postSolution
		SolutionGuid = {014F5048-70D4-4202-908D-549B2AE149CF}
	EndGlobalSection
EndGlobal
