
Microsoft Visual Studio Solution File, Format Version 12.00
# Visual Studio 15
VisualStudioVersion = 15.0.26403.7
MinimumVisualStudioVersion = 10.0.40219.1
Project("{9A19103F-16F7-4668-BE54-9A1E7A4F7556}") = "Plugin.HttpTransferTasks", "Plugin.HttpTransferTasks\Plugin.HttpTransferTasks.csproj", "{DA481A2A-2AD7-4FA7-BFB0-E54E4F0E453B}"
EndProject
Project("{2150E333-8FDC-42A3-9474-1A3956D46DE8}") = "Solution Items", "Solution Items", "{BAF0DBEB-F4F1-4C8D-94E4-54D53CF0C682}"
	ProjectSection(SolutionItems) = preProject
		ISSUE_TEMPLATE = ISSUE_TEMPLATE
		LICENSE.md = LICENSE.md
		nuget.exe = nuget.exe
		push.cmd = push.cmd
		readme.md = readme.md
	EndProjectSection
EndProject
Project("{FAE04EC0-301F-11D3-BF4B-00C04F79EFBC}") = "Sample.Android", "Sample\Sample.Android\Sample.Android.csproj", "{24E95ADC-7DDB-4140-AA4C-333619865019}"
EndProject
Project("{FAE04EC0-301F-11D3-BF4B-00C04F79EFBC}") = "Sample.iOS", "Sample\Sample.iOS\Sample.iOS.csproj", "{AF8477B6-1230-4AED-B4B0-8CA8183BD35A}"
EndProject
Project("{FAE04EC0-301F-11D3-BF4B-00C04F79EFBC}") = "Sample.UWP", "Sample\Sample.UWP\Sample.UWP.csproj", "{60A452C7-1337-440F-8ED9-43A64D735B66}"
EndProject
Project("{FAE04EC0-301F-11D3-BF4B-00C04F79EFBC}") = "Sample", "Sample\Sample\Sample.csproj", "{9E989EE7-37B6-4DC1-86AC-F1BA9B6AA460}"
EndProject
Global
	GlobalSection(SolutionConfigurationPlatforms) = preSolution
		Ad-Hoc|Any CPU = Ad-Hoc|Any CPU
		Ad-Hoc|ARM = Ad-Hoc|ARM
		Ad-Hoc|iPhone = Ad-Hoc|iPhone
		Ad-Hoc|iPhoneSimulator = Ad-Hoc|iPhoneSimulator
		Ad-Hoc|x64 = Ad-Hoc|x64
		Ad-Hoc|x86 = Ad-Hoc|x86
		AppStore|Any CPU = AppStore|Any CPU
		AppStore|ARM = AppStore|ARM
		AppStore|iPhone = AppStore|iPhone
		AppStore|iPhoneSimulator = AppStore|iPhoneSimulator
		AppStore|x64 = AppStore|x64
		AppStore|x86 = AppStore|x86
		Debug|Any CPU = Debug|Any CPU
		Debug|ARM = Debug|ARM
		Debug|iPhone = Debug|iPhone
		Debug|iPhoneSimulator = Debug|iPhoneSimulator
		Debug|x64 = Debug|x64
		Debug|x86 = Debug|x86
		Release|Any CPU = Release|Any CPU
		Release|ARM = Release|ARM
		Release|iPhone = Release|iPhone
		Release|iPhoneSimulator = Release|iPhoneSimulator
		Release|x64 = Release|x64
		Release|x86 = Release|x86
	EndGlobalSection
	GlobalSection(ProjectConfigurationPlatforms) = postSolution
		{DA481A2A-2AD7-4FA7-BFB0-E54E4F0E453B}.Ad-Hoc|Any CPU.ActiveCfg = Release|Any CPU
		{DA481A2A-2AD7-4FA7-BFB0-E54E4F0E453B}.Ad-Hoc|Any CPU.Build.0 = Release|Any CPU
		{DA481A2A-2AD7-4FA7-BFB0-E54E4F0E453B}.Ad-Hoc|ARM.ActiveCfg = Release|Any CPU
		{DA481A2A-2AD7-4FA7-BFB0-E54E4F0E453B}.Ad-Hoc|ARM.Build.0 = Release|Any CPU
		{DA481A2A-2AD7-4FA7-BFB0-E54E4F0E453B}.Ad-Hoc|iPhone.ActiveCfg = Release|Any CPU
		{DA481A2A-2AD7-4FA7-BFB0-E54E4F0E453B}.Ad-Hoc|iPhone.Build.0 = Release|Any CPU
		{DA481A2A-2AD7-4FA7-BFB0-E54E4F0E453B}.Ad-Hoc|iPhoneSimulator.ActiveCfg = Release|Any CPU
		{DA481A2A-2AD7-4FA7-BFB0-E54E4F0E453B}.Ad-Hoc|iPhoneSimulator.Build.0 = Release|Any CPU
		{DA481A2A-2AD7-4FA7-BFB0-E54E4F0E453B}.Ad-Hoc|x64.ActiveCfg = Release|Any CPU
		{DA481A2A-2AD7-4FA7-BFB0-E54E4F0E453B}.Ad-Hoc|x64.Build.0 = Release|Any CPU
		{DA481A2A-2AD7-4FA7-BFB0-E54E4F0E453B}.Ad-Hoc|x86.ActiveCfg = Release|Any CPU
		{DA481A2A-2AD7-4FA7-BFB0-E54E4F0E453B}.Ad-Hoc|x86.Build.0 = Release|Any CPU
		{DA481A2A-2AD7-4FA7-BFB0-E54E4F0E453B}.AppStore|Any CPU.ActiveCfg = Release|Any CPU
		{DA481A2A-2AD7-4FA7-BFB0-E54E4F0E453B}.AppStore|Any CPU.Build.0 = Release|Any CPU
		{DA481A2A-2AD7-4FA7-BFB0-E54E4F0E453B}.AppStore|ARM.ActiveCfg = Release|Any CPU
		{DA481A2A-2AD7-4FA7-BFB0-E54E4F0E453B}.AppStore|ARM.Build.0 = Release|Any CPU
		{DA481A2A-2AD7-4FA7-BFB0-E54E4F0E453B}.AppStore|iPhone.ActiveCfg = Release|Any CPU
		{DA481A2A-2AD7-4FA7-BFB0-E54E4F0E453B}.AppStore|iPhone.Build.0 = Release|Any CPU
		{DA481A2A-2AD7-4FA7-BFB0-E54E4F0E453B}.AppStore|iPhoneSimulator.ActiveCfg = Release|Any CPU
		{DA481A2A-2AD7-4FA7-BFB0-E54E4F0E453B}.AppStore|iPhoneSimulator.Build.0 = Release|Any CPU
		{DA481A2A-2AD7-4FA7-BFB0-E54E4F0E453B}.AppStore|x64.ActiveCfg = Release|Any CPU
		{DA481A2A-2AD7-4FA7-BFB0-E54E4F0E453B}.AppStore|x64.Build.0 = Release|Any CPU
		{DA481A2A-2AD7-4FA7-BFB0-E54E4F0E453B}.AppStore|x86.ActiveCfg = Release|Any CPU
		{DA481A2A-2AD7-4FA7-BFB0-E54E4F0E453B}.AppStore|x86.Build.0 = Release|Any CPU
		{DA481A2A-2AD7-4FA7-BFB0-E54E4F0E453B}.Debug|Any CPU.ActiveCfg = Debug|Any CPU
		{DA481A2A-2AD7-4FA7-BFB0-E54E4F0E453B}.Debug|Any CPU.Build.0 = Debug|Any CPU
		{DA481A2A-2AD7-4FA7-BFB0-E54E4F0E453B}.Debug|ARM.ActiveCfg = Debug|Any CPU
		{DA481A2A-2AD7-4FA7-BFB0-E54E4F0E453B}.Debug|ARM.Build.0 = Debug|Any CPU
		{DA481A2A-2AD7-4FA7-BFB0-E54E4F0E453B}.Debug|iPhone.ActiveCfg = Debug|Any CPU
		{DA481A2A-2AD7-4FA7-BFB0-E54E4F0E453B}.Debug|iPhone.Build.0 = Debug|Any CPU
		{DA481A2A-2AD7-4FA7-BFB0-E54E4F0E453B}.Debug|iPhoneSimulator.ActiveCfg = Debug|Any CPU
		{DA481A2A-2AD7-4FA7-BFB0-E54E4F0E453B}.Debug|iPhoneSimulator.Build.0 = Debug|Any CPU
		{DA481A2A-2AD7-4FA7-BFB0-E54E4F0E453B}.Debug|x64.ActiveCfg = Debug|Any CPU
		{DA481A2A-2AD7-4FA7-BFB0-E54E4F0E453B}.Debug|x64.Build.0 = Debug|Any CPU
		{DA481A2A-2AD7-4FA7-BFB0-E54E4F0E453B}.Debug|x86.ActiveCfg = Debug|Any CPU
		{DA481A2A-2AD7-4FA7-BFB0-E54E4F0E453B}.Debug|x86.Build.0 = Debug|Any CPU
		{DA481A2A-2AD7-4FA7-BFB0-E54E4F0E453B}.Release|Any CPU.ActiveCfg = Release|Any CPU
		{DA481A2A-2AD7-4FA7-BFB0-E54E4F0E453B}.Release|Any CPU.Build.0 = Release|Any CPU
		{DA481A2A-2AD7-4FA7-BFB0-E54E4F0E453B}.Release|ARM.ActiveCfg = Release|Any CPU
		{DA481A2A-2AD7-4FA7-BFB0-E54E4F0E453B}.Release|ARM.Build.0 = Release|Any CPU
		{DA481A2A-2AD7-4FA7-BFB0-E54E4F0E453B}.Release|iPhone.ActiveCfg = Release|Any CPU
		{DA481A2A-2AD7-4FA7-BFB0-E54E4F0E453B}.Release|iPhone.Build.0 = Release|Any CPU
		{DA481A2A-2AD7-4FA7-BFB0-E54E4F0E453B}.Release|iPhoneSimulator.ActiveCfg = Release|Any CPU
		{DA481A2A-2AD7-4FA7-BFB0-E54E4F0E453B}.Release|iPhoneSimulator.Build.0 = Release|Any CPU
		{DA481A2A-2AD7-4FA7-BFB0-E54E4F0E453B}.Release|x64.ActiveCfg = Release|Any CPU
		{DA481A2A-2AD7-4FA7-BFB0-E54E4F0E453B}.Release|x64.Build.0 = Release|Any CPU
		{DA481A2A-2AD7-4FA7-BFB0-E54E4F0E453B}.Release|x86.ActiveCfg = Release|Any CPU
		{DA481A2A-2AD7-4FA7-BFB0-E54E4F0E453B}.Release|x86.Build.0 = Release|Any CPU
		{24E95ADC-7DDB-4140-AA4C-333619865019}.Ad-Hoc|Any CPU.ActiveCfg = Release|Any CPU
		{24E95ADC-7DDB-4140-AA4C-333619865019}.Ad-Hoc|Any CPU.Build.0 = Release|Any CPU
		{24E95ADC-7DDB-4140-AA4C-333619865019}.Ad-Hoc|Any CPU.Deploy.0 = Release|Any CPU
		{24E95ADC-7DDB-4140-AA4C-333619865019}.Ad-Hoc|ARM.ActiveCfg = Release|Any CPU
		{24E95ADC-7DDB-4140-AA4C-333619865019}.Ad-Hoc|ARM.Build.0 = Release|Any CPU
		{24E95ADC-7DDB-4140-AA4C-333619865019}.Ad-Hoc|ARM.Deploy.0 = Release|Any CPU
		{24E95ADC-7DDB-4140-AA4C-333619865019}.Ad-Hoc|iPhone.ActiveCfg = Release|Any CPU
		{24E95ADC-7DDB-4140-AA4C-333619865019}.Ad-Hoc|iPhone.Build.0 = Release|Any CPU
		{24E95ADC-7DDB-4140-AA4C-333619865019}.Ad-Hoc|iPhone.Deploy.0 = Release|Any CPU
		{24E95ADC-7DDB-4140-AA4C-333619865019}.Ad-Hoc|iPhoneSimulator.ActiveCfg = Release|Any CPU
		{24E95ADC-7DDB-4140-AA4C-333619865019}.Ad-Hoc|iPhoneSimulator.Build.0 = Release|Any CPU
		{24E95ADC-7DDB-4140-AA4C-333619865019}.Ad-Hoc|iPhoneSimulator.Deploy.0 = Release|Any CPU
		{24E95ADC-7DDB-4140-AA4C-333619865019}.Ad-Hoc|x64.ActiveCfg = Release|Any CPU
		{24E95ADC-7DDB-4140-AA4C-333619865019}.Ad-Hoc|x64.Build.0 = Release|Any CPU
		{24E95ADC-7DDB-4140-AA4C-333619865019}.Ad-Hoc|x64.Deploy.0 = Release|Any CPU
		{24E95ADC-7DDB-4140-AA4C-333619865019}.Ad-Hoc|x86.ActiveCfg = Release|Any CPU
		{24E95ADC-7DDB-4140-AA4C-333619865019}.Ad-Hoc|x86.Build.0 = Release|Any CPU
		{24E95ADC-7DDB-4140-AA4C-333619865019}.Ad-Hoc|x86.Deploy.0 = Release|Any CPU
		{24E95ADC-7DDB-4140-AA4C-333619865019}.AppStore|Any CPU.ActiveCfg = Release|Any CPU
		{24E95ADC-7DDB-4140-AA4C-333619865019}.AppStore|Any CPU.Build.0 = Release|Any CPU
		{24E95ADC-7DDB-4140-AA4C-333619865019}.AppStore|Any CPU.Deploy.0 = Release|Any CPU
		{24E95ADC-7DDB-4140-AA4C-333619865019}.AppStore|ARM.ActiveCfg = Release|Any CPU
		{24E95ADC-7DDB-4140-AA4C-333619865019}.AppStore|ARM.Build.0 = Release|Any CPU
		{24E95ADC-7DDB-4140-AA4C-333619865019}.AppStore|ARM.Deploy.0 = Release|Any CPU
		{24E95ADC-7DDB-4140-AA4C-333619865019}.AppStore|iPhone.ActiveCfg = Release|Any CPU
		{24E95ADC-7DDB-4140-AA4C-333619865019}.AppStore|iPhone.Build.0 = Release|Any CPU
		{24E95ADC-7DDB-4140-AA4C-333619865019}.AppStore|iPhone.Deploy.0 = Release|Any CPU
		{24E95ADC-7DDB-4140-AA4C-333619865019}.AppStore|iPhoneSimulator.ActiveCfg = Release|Any CPU
		{24E95ADC-7DDB-4140-AA4C-333619865019}.AppStore|iPhoneSimulator.Build.0 = Release|Any CPU
		{24E95ADC-7DDB-4140-AA4C-333619865019}.AppStore|iPhoneSimulator.Deploy.0 = Release|Any CPU
		{24E95ADC-7DDB-4140-AA4C-333619865019}.AppStore|x64.ActiveCfg = Release|Any CPU
		{24E95ADC-7DDB-4140-AA4C-333619865019}.AppStore|x64.Build.0 = Release|Any CPU
		{24E95ADC-7DDB-4140-AA4C-333619865019}.AppStore|x64.Deploy.0 = Release|Any CPU
		{24E95ADC-7DDB-4140-AA4C-333619865019}.AppStore|x86.ActiveCfg = Release|Any CPU
		{24E95ADC-7DDB-4140-AA4C-333619865019}.AppStore|x86.Build.0 = Release|Any CPU
		{24E95ADC-7DDB-4140-AA4C-333619865019}.AppStore|x86.Deploy.0 = Release|Any CPU
		{24E95ADC-7DDB-4140-AA4C-333619865019}.Debug|Any CPU.ActiveCfg = Debug|Any CPU
		{24E95ADC-7DDB-4140-AA4C-333619865019}.Debug|Any CPU.Build.0 = Debug|Any CPU
		{24E95ADC-7DDB-4140-AA4C-333619865019}.Debug|Any CPU.Deploy.0 = Debug|Any CPU
		{24E95ADC-7DDB-4140-AA4C-333619865019}.Debug|ARM.ActiveCfg = Debug|Any CPU
		{24E95ADC-7DDB-4140-AA4C-333619865019}.Debug|ARM.Build.0 = Debug|Any CPU
		{24E95ADC-7DDB-4140-AA4C-333619865019}.Debug|ARM.Deploy.0 = Debug|Any CPU
		{24E95ADC-7DDB-4140-AA4C-333619865019}.Debug|iPhone.ActiveCfg = Debug|Any CPU
		{24E95ADC-7DDB-4140-AA4C-333619865019}.Debug|iPhone.Build.0 = Debug|Any CPU
		{24E95ADC-7DDB-4140-AA4C-333619865019}.Debug|iPhone.Deploy.0 = Debug|Any CPU
		{24E95ADC-7DDB-4140-AA4C-333619865019}.Debug|iPhoneSimulator.ActiveCfg = Debug|Any CPU
		{24E95ADC-7DDB-4140-AA4C-333619865019}.Debug|iPhoneSimulator.Build.0 = Debug|Any CPU
		{24E95ADC-7DDB-4140-AA4C-333619865019}.Debug|iPhoneSimulator.Deploy.0 = Debug|Any CPU
		{24E95ADC-7DDB-4140-AA4C-333619865019}.Debug|x64.ActiveCfg = Debug|Any CPU
		{24E95ADC-7DDB-4140-AA4C-333619865019}.Debug|x64.Build.0 = Debug|Any CPU
		{24E95ADC-7DDB-4140-AA4C-333619865019}.Debug|x64.Deploy.0 = Debug|Any CPU
		{24E95ADC-7DDB-4140-AA4C-333619865019}.Debug|x86.ActiveCfg = Debug|Any CPU
		{24E95ADC-7DDB-4140-AA4C-333619865019}.Debug|x86.Build.0 = Debug|Any CPU
		{24E95ADC-7DDB-4140-AA4C-333619865019}.Debug|x86.Deploy.0 = Debug|Any CPU
		{24E95ADC-7DDB-4140-AA4C-333619865019}.Release|Any CPU.ActiveCfg = Release|Any CPU
		{24E95ADC-7DDB-4140-AA4C-333619865019}.Release|Any CPU.Build.0 = Release|Any CPU
		{24E95ADC-7DDB-4140-AA4C-333619865019}.Release|Any CPU.Deploy.0 = Release|Any CPU
		{24E95ADC-7DDB-4140-AA4C-333619865019}.Release|ARM.ActiveCfg = Release|Any CPU
		{24E95ADC-7DDB-4140-AA4C-333619865019}.Release|ARM.Build.0 = Release|Any CPU
		{24E95ADC-7DDB-4140-AA4C-333619865019}.Release|ARM.Deploy.0 = Release|Any CPU
		{24E95ADC-7DDB-4140-AA4C-333619865019}.Release|iPhone.ActiveCfg = Release|Any CPU
		{24E95ADC-7DDB-4140-AA4C-333619865019}.Release|iPhone.Build.0 = Release|Any CPU
		{24E95ADC-7DDB-4140-AA4C-333619865019}.Release|iPhone.Deploy.0 = Release|Any CPU
		{24E95ADC-7DDB-4140-AA4C-333619865019}.Release|iPhoneSimulator.ActiveCfg = Release|Any CPU
		{24E95ADC-7DDB-4140-AA4C-333619865019}.Release|iPhoneSimulator.Build.0 = Release|Any CPU
		{24E95ADC-7DDB-4140-AA4C-333619865019}.Release|iPhoneSimulator.Deploy.0 = Release|Any CPU
		{24E95ADC-7DDB-4140-AA4C-333619865019}.Release|x64.ActiveCfg = Release|Any CPU
		{24E95ADC-7DDB-4140-AA4C-333619865019}.Release|x64.Build.0 = Release|Any CPU
		{24E95ADC-7DDB-4140-AA4C-333619865019}.Release|x64.Deploy.0 = Release|Any CPU
		{24E95ADC-7DDB-4140-AA4C-333619865019}.Release|x86.ActiveCfg = Release|Any CPU
		{24E95ADC-7DDB-4140-AA4C-333619865019}.Release|x86.Build.0 = Release|Any CPU
		{24E95ADC-7DDB-4140-AA4C-333619865019}.Release|x86.Deploy.0 = Release|Any CPU
		{AF8477B6-1230-4AED-B4B0-8CA8183BD35A}.Ad-Hoc|Any CPU.ActiveCfg = Ad-Hoc|iPhone
		{AF8477B6-1230-4AED-B4B0-8CA8183BD35A}.Ad-Hoc|ARM.ActiveCfg = Ad-Hoc|iPhone
		{AF8477B6-1230-4AED-B4B0-8CA8183BD35A}.Ad-Hoc|iPhone.ActiveCfg = Ad-Hoc|iPhone
		{AF8477B6-1230-4AED-B4B0-8CA8183BD35A}.Ad-Hoc|iPhone.Build.0 = Ad-Hoc|iPhone
		{AF8477B6-1230-4AED-B4B0-8CA8183BD35A}.Ad-Hoc|iPhoneSimulator.ActiveCfg = Ad-Hoc|iPhoneSimulator
		{AF8477B6-1230-4AED-B4B0-8CA8183BD35A}.Ad-Hoc|iPhoneSimulator.Build.0 = Ad-Hoc|iPhoneSimulator
		{AF8477B6-1230-4AED-B4B0-8CA8183BD35A}.Ad-Hoc|x64.ActiveCfg = Ad-Hoc|iPhone
		{AF8477B6-1230-4AED-B4B0-8CA8183BD35A}.Ad-Hoc|x86.ActiveCfg = Ad-Hoc|iPhone
		{AF8477B6-1230-4AED-B4B0-8CA8183BD35A}.AppStore|Any CPU.ActiveCfg = AppStore|iPhone
		{AF8477B6-1230-4AED-B4B0-8CA8183BD35A}.AppStore|ARM.ActiveCfg = AppStore|iPhone
		{AF8477B6-1230-4AED-B4B0-8CA8183BD35A}.AppStore|iPhone.ActiveCfg = AppStore|iPhone
		{AF8477B6-1230-4AED-B4B0-8CA8183BD35A}.AppStore|iPhone.Build.0 = AppStore|iPhone
		{AF8477B6-1230-4AED-B4B0-8CA8183BD35A}.AppStore|iPhoneSimulator.ActiveCfg = AppStore|iPhoneSimulator
		{AF8477B6-1230-4AED-B4B0-8CA8183BD35A}.AppStore|iPhoneSimulator.Build.0 = AppStore|iPhoneSimulator
		{AF8477B6-1230-4AED-B4B0-8CA8183BD35A}.AppStore|x64.ActiveCfg = AppStore|iPhone
		{AF8477B6-1230-4AED-B4B0-8CA8183BD35A}.AppStore|x86.ActiveCfg = AppStore|iPhone
		{AF8477B6-1230-4AED-B4B0-8CA8183BD35A}.Debug|Any CPU.ActiveCfg = Debug|iPhone
		{AF8477B6-1230-4AED-B4B0-8CA8183BD35A}.Debug|ARM.ActiveCfg = Debug|iPhone
		{AF8477B6-1230-4AED-B4B0-8CA8183BD35A}.Debug|iPhone.ActiveCfg = Debug|iPhone
		{AF8477B6-1230-4AED-B4B0-8CA8183BD35A}.Debug|iPhone.Build.0 = Debug|iPhone
		{AF8477B6-1230-4AED-B4B0-8CA8183BD35A}.Debug|iPhoneSimulator.ActiveCfg = Debug|iPhoneSimulator
		{AF8477B6-1230-4AED-B4B0-8CA8183BD35A}.Debug|iPhoneSimulator.Build.0 = Debug|iPhoneSimulator
		{AF8477B6-1230-4AED-B4B0-8CA8183BD35A}.Debug|x64.ActiveCfg = Debug|iPhone
		{AF8477B6-1230-4AED-B4B0-8CA8183BD35A}.Debug|x86.ActiveCfg = Debug|iPhone
		{AF8477B6-1230-4AED-B4B0-8CA8183BD35A}.Release|Any CPU.ActiveCfg = Release|iPhone
		{AF8477B6-1230-4AED-B4B0-8CA8183BD35A}.Release|ARM.ActiveCfg = Release|iPhone
		{AF8477B6-1230-4AED-B4B0-8CA8183BD35A}.Release|iPhone.ActiveCfg = Release|iPhone
		{AF8477B6-1230-4AED-B4B0-8CA8183BD35A}.Release|iPhone.Build.0 = Release|iPhone
		{AF8477B6-1230-4AED-B4B0-8CA8183BD35A}.Release|iPhoneSimulator.ActiveCfg = Release|iPhoneSimulator
		{AF8477B6-1230-4AED-B4B0-8CA8183BD35A}.Release|iPhoneSimulator.Build.0 = Release|iPhoneSimulator
		{AF8477B6-1230-4AED-B4B0-8CA8183BD35A}.Release|x64.ActiveCfg = Release|iPhone
		{AF8477B6-1230-4AED-B4B0-8CA8183BD35A}.Release|x86.ActiveCfg = Release|iPhone
		{60A452C7-1337-440F-8ED9-43A64D735B66}.Ad-Hoc|Any CPU.ActiveCfg = Release|x86
		{60A452C7-1337-440F-8ED9-43A64D735B66}.Ad-Hoc|Any CPU.Build.0 = Release|x86
		{60A452C7-1337-440F-8ED9-43A64D735B66}.Ad-Hoc|Any CPU.Deploy.0 = Release|x86
		{60A452C7-1337-440F-8ED9-43A64D735B66}.Ad-Hoc|ARM.ActiveCfg = Release|ARM
		{60A452C7-1337-440F-8ED9-43A64D735B66}.Ad-Hoc|ARM.Build.0 = Release|ARM
		{60A452C7-1337-440F-8ED9-43A64D735B66}.Ad-Hoc|ARM.Deploy.0 = Release|ARM
		{60A452C7-1337-440F-8ED9-43A64D735B66}.Ad-Hoc|iPhone.ActiveCfg = Release|x86
		{60A452C7-1337-440F-8ED9-43A64D735B66}.Ad-Hoc|iPhone.Build.0 = Release|x86
		{60A452C7-1337-440F-8ED9-43A64D735B66}.Ad-Hoc|iPhone.Deploy.0 = Release|x86
		{60A452C7-1337-440F-8ED9-43A64D735B66}.Ad-Hoc|iPhoneSimulator.ActiveCfg = Release|x86
		{60A452C7-1337-440F-8ED9-43A64D735B66}.Ad-Hoc|iPhoneSimulator.Build.0 = Release|x86
		{60A452C7-1337-440F-8ED9-43A64D735B66}.Ad-Hoc|iPhoneSimulator.Deploy.0 = Release|x86
		{60A452C7-1337-440F-8ED9-43A64D735B66}.Ad-Hoc|x64.ActiveCfg = Release|x64
		{60A452C7-1337-440F-8ED9-43A64D735B66}.Ad-Hoc|x64.Build.0 = Release|x64
		{60A452C7-1337-440F-8ED9-43A64D735B66}.Ad-Hoc|x64.Deploy.0 = Release|x64
		{60A452C7-1337-440F-8ED9-43A64D735B66}.Ad-Hoc|x86.ActiveCfg = Release|x86
		{60A452C7-1337-440F-8ED9-43A64D735B66}.Ad-Hoc|x86.Build.0 = Release|x86
		{60A452C7-1337-440F-8ED9-43A64D735B66}.Ad-Hoc|x86.Deploy.0 = Release|x86
		{60A452C7-1337-440F-8ED9-43A64D735B66}.AppStore|Any CPU.ActiveCfg = Release|x86
		{60A452C7-1337-440F-8ED9-43A64D735B66}.AppStore|Any CPU.Build.0 = Release|x86
		{60A452C7-1337-440F-8ED9-43A64D735B66}.AppStore|Any CPU.Deploy.0 = Release|x86
		{60A452C7-1337-440F-8ED9-43A64D735B66}.AppStore|ARM.ActiveCfg = Release|ARM
		{60A452C7-1337-440F-8ED9-43A64D735B66}.AppStore|ARM.Build.0 = Release|ARM
		{60A452C7-1337-440F-8ED9-43A64D735B66}.AppStore|ARM.Deploy.0 = Release|ARM
		{60A452C7-1337-440F-8ED9-43A64D735B66}.AppStore|iPhone.ActiveCfg = Release|x86
		{60A452C7-1337-440F-8ED9-43A64D735B66}.AppStore|iPhone.Build.0 = Release|x86
		{60A452C7-1337-440F-8ED9-43A64D735B66}.AppStore|iPhone.Deploy.0 = Release|x86
		{60A452C7-1337-440F-8ED9-43A64D735B66}.AppStore|iPhoneSimulator.ActiveCfg = Release|x86
		{60A452C7-1337-440F-8ED9-43A64D735B66}.AppStore|iPhoneSimulator.Build.0 = Release|x86
		{60A452C7-1337-440F-8ED9-43A64D735B66}.AppStore|iPhoneSimulator.Deploy.0 = Release|x86
		{60A452C7-1337-440F-8ED9-43A64D735B66}.AppStore|x64.ActiveCfg = Release|x64
		{60A452C7-1337-440F-8ED9-43A64D735B66}.AppStore|x64.Build.0 = Release|x64
		{60A452C7-1337-440F-8ED9-43A64D735B66}.AppStore|x64.Deploy.0 = Release|x64
		{60A452C7-1337-440F-8ED9-43A64D735B66}.AppStore|x86.ActiveCfg = Release|x86
		{60A452C7-1337-440F-8ED9-43A64D735B66}.AppStore|x86.Build.0 = Release|x86
		{60A452C7-1337-440F-8ED9-43A64D735B66}.AppStore|x86.Deploy.0 = Release|x86
		{60A452C7-1337-440F-8ED9-43A64D735B66}.Debug|Any CPU.ActiveCfg = Debug|x86
		{60A452C7-1337-440F-8ED9-43A64D735B66}.Debug|ARM.ActiveCfg = Debug|ARM
		{60A452C7-1337-440F-8ED9-43A64D735B66}.Debug|ARM.Build.0 = Debug|ARM
		{60A452C7-1337-440F-8ED9-43A64D735B66}.Debug|ARM.Deploy.0 = Debug|ARM
		{60A452C7-1337-440F-8ED9-43A64D735B66}.Debug|iPhone.ActiveCfg = Debug|x86
		{60A452C7-1337-440F-8ED9-43A64D735B66}.Debug|iPhoneSimulator.ActiveCfg = Debug|x86
		{60A452C7-1337-440F-8ED9-43A64D735B66}.Debug|x64.ActiveCfg = Debug|x64
		{60A452C7-1337-440F-8ED9-43A64D735B66}.Debug|x64.Build.0 = Debug|x64
		{60A452C7-1337-440F-8ED9-43A64D735B66}.Debug|x64.Deploy.0 = Debug|x64
		{60A452C7-1337-440F-8ED9-43A64D735B66}.Debug|x86.ActiveCfg = Debug|x86
		{60A452C7-1337-440F-8ED9-43A64D735B66}.Debug|x86.Build.0 = Debug|x86
		{60A452C7-1337-440F-8ED9-43A64D735B66}.Debug|x86.Deploy.0 = Debug|x86
		{60A452C7-1337-440F-8ED9-43A64D735B66}.Release|Any CPU.ActiveCfg = Release|x86
		{60A452C7-1337-440F-8ED9-43A64D735B66}.Release|ARM.ActiveCfg = Release|ARM
		{60A452C7-1337-440F-8ED9-43A64D735B66}.Release|ARM.Build.0 = Release|ARM
		{60A452C7-1337-440F-8ED9-43A64D735B66}.Release|ARM.Deploy.0 = Release|ARM
		{60A452C7-1337-440F-8ED9-43A64D735B66}.Release|iPhone.ActiveCfg = Release|x86
		{60A452C7-1337-440F-8ED9-43A64D735B66}.Release|iPhoneSimulator.ActiveCfg = Release|x86
		{60A452C7-1337-440F-8ED9-43A64D735B66}.Release|x64.ActiveCfg = Release|x64
		{60A452C7-1337-440F-8ED9-43A64D735B66}.Release|x64.Build.0 = Release|x64
		{60A452C7-1337-440F-8ED9-43A64D735B66}.Release|x64.Deploy.0 = Release|x64
		{60A452C7-1337-440F-8ED9-43A64D735B66}.Release|x86.ActiveCfg = Release|x86
		{60A452C7-1337-440F-8ED9-43A64D735B66}.Release|x86.Build.0 = Release|x86
		{60A452C7-1337-440F-8ED9-43A64D735B66}.Release|x86.Deploy.0 = Release|x86
		{9E989EE7-37B6-4DC1-86AC-F1BA9B6AA460}.Ad-Hoc|Any CPU.ActiveCfg = Debug|Any CPU
		{9E989EE7-37B6-4DC1-86AC-F1BA9B6AA460}.Ad-Hoc|Any CPU.Build.0 = Debug|Any CPU
		{9E989EE7-37B6-4DC1-86AC-F1BA9B6AA460}.Ad-Hoc|ARM.ActiveCfg = Debug|Any CPU
		{9E989EE7-37B6-4DC1-86AC-F1BA9B6AA460}.Ad-Hoc|ARM.Build.0 = Debug|Any CPU
		{9E989EE7-37B6-4DC1-86AC-F1BA9B6AA460}.Ad-Hoc|iPhone.ActiveCfg = Debug|Any CPU
		{9E989EE7-37B6-4DC1-86AC-F1BA9B6AA460}.Ad-Hoc|iPhone.Build.0 = Debug|Any CPU
		{9E989EE7-37B6-4DC1-86AC-F1BA9B6AA460}.Ad-Hoc|iPhoneSimulator.ActiveCfg = Debug|Any CPU
		{9E989EE7-37B6-4DC1-86AC-F1BA9B6AA460}.Ad-Hoc|iPhoneSimulator.Build.0 = Debug|Any CPU
		{9E989EE7-37B6-4DC1-86AC-F1BA9B6AA460}.Ad-Hoc|x64.ActiveCfg = Debug|Any CPU
		{9E989EE7-37B6-4DC1-86AC-F1BA9B6AA460}.Ad-Hoc|x64.Build.0 = Debug|Any CPU
		{9E989EE7-37B6-4DC1-86AC-F1BA9B6AA460}.Ad-Hoc|x86.ActiveCfg = Debug|Any CPU
		{9E989EE7-37B6-4DC1-86AC-F1BA9B6AA460}.Ad-Hoc|x86.Build.0 = Debug|Any CPU
		{9E989EE7-37B6-4DC1-86AC-F1BA9B6AA460}.AppStore|Any CPU.ActiveCfg = Debug|Any CPU
		{9E989EE7-37B6-4DC1-86AC-F1BA9B6AA460}.AppStore|Any CPU.Build.0 = Debug|Any CPU
		{9E989EE7-37B6-4DC1-86AC-F1BA9B6AA460}.AppStore|ARM.ActiveCfg = Debug|Any CPU
		{9E989EE7-37B6-4DC1-86AC-F1BA9B6AA460}.AppStore|ARM.Build.0 = Debug|Any CPU
		{9E989EE7-37B6-4DC1-86AC-F1BA9B6AA460}.AppStore|iPhone.ActiveCfg = Debug|Any CPU
		{9E989EE7-37B6-4DC1-86AC-F1BA9B6AA460}.AppStore|iPhone.Build.0 = Debug|Any CPU
		{9E989EE7-37B6-4DC1-86AC-F1BA9B6AA460}.AppStore|iPhoneSimulator.ActiveCfg = Debug|Any CPU
		{9E989EE7-37B6-4DC1-86AC-F1BA9B6AA460}.AppStore|iPhoneSimulator.Build.0 = Debug|Any CPU
		{9E989EE7-37B6-4DC1-86AC-F1BA9B6AA460}.AppStore|x64.ActiveCfg = Debug|Any CPU
		{9E989EE7-37B6-4DC1-86AC-F1BA9B6AA460}.AppStore|x64.Build.0 = Debug|Any CPU
		{9E989EE7-37B6-4DC1-86AC-F1BA9B6AA460}.AppStore|x86.ActiveCfg = Debug|Any CPU
		{9E989EE7-37B6-4DC1-86AC-F1BA9B6AA460}.AppStore|x86.Build.0 = Debug|Any CPU
		{9E989EE7-37B6-4DC1-86AC-F1BA9B6AA460}.Debug|Any CPU.ActiveCfg = Debug|Any CPU
		{9E989EE7-37B6-4DC1-86AC-F1BA9B6AA460}.Debug|Any CPU.Build.0 = Debug|Any CPU
		{9E989EE7-37B6-4DC1-86AC-F1BA9B6AA460}.Debug|ARM.ActiveCfg = Debug|Any CPU
		{9E989EE7-37B6-4DC1-86AC-F1BA9B6AA460}.Debug|ARM.Build.0 = Debug|Any CPU
		{9E989EE7-37B6-4DC1-86AC-F1BA9B6AA460}.Debug|iPhone.ActiveCfg = Debug|Any CPU
		{9E989EE7-37B6-4DC1-86AC-F1BA9B6AA460}.Debug|iPhone.Build.0 = Debug|Any CPU
		{9E989EE7-37B6-4DC1-86AC-F1BA9B6AA460}.Debug|iPhoneSimulator.ActiveCfg = Debug|Any CPU
		{9E989EE7-37B6-4DC1-86AC-F1BA9B6AA460}.Debug|iPhoneSimulator.Build.0 = Debug|Any CPU
		{9E989EE7-37B6-4DC1-86AC-F1BA9B6AA460}.Debug|x64.ActiveCfg = Debug|Any CPU
		{9E989EE7-37B6-4DC1-86AC-F1BA9B6AA460}.Debug|x64.Build.0 = Debug|Any CPU
		{9E989EE7-37B6-4DC1-86AC-F1BA9B6AA460}.Debug|x86.ActiveCfg = Debug|Any CPU
		{9E989EE7-37B6-4DC1-86AC-F1BA9B6AA460}.Debug|x86.Build.0 = Debug|Any CPU
		{9E989EE7-37B6-4DC1-86AC-F1BA9B6AA460}.Release|Any CPU.ActiveCfg = Release|Any CPU
		{9E989EE7-37B6-4DC1-86AC-F1BA9B6AA460}.Release|Any CPU.Build.0 = Release|Any CPU
		{9E989EE7-37B6-4DC1-86AC-F1BA9B6AA460}.Release|ARM.ActiveCfg = Release|Any CPU
		{9E989EE7-37B6-4DC1-86AC-F1BA9B6AA460}.Release|ARM.Build.0 = Release|Any CPU
		{9E989EE7-37B6-4DC1-86AC-F1BA9B6AA460}.Release|iPhone.ActiveCfg = Release|Any CPU
		{9E989EE7-37B6-4DC1-86AC-F1BA9B6AA460}.Release|iPhone.Build.0 = Release|Any CPU
		{9E989EE7-37B6-4DC1-86AC-F1BA9B6AA460}.Release|iPhoneSimulator.ActiveCfg = Release|Any CPU
		{9E989EE7-37B6-4DC1-86AC-F1BA9B6AA460}.Release|iPhoneSimulator.Build.0 = Release|Any CPU
		{9E989EE7-37B6-4DC1-86AC-F1BA9B6AA460}.Release|x64.ActiveCfg = Release|Any CPU
		{9E989EE7-37B6-4DC1-86AC-F1BA9B6AA460}.Release|x64.Build.0 = Release|Any CPU
		{9E989EE7-37B6-4DC1-86AC-F1BA9B6AA460}.Release|x86.ActiveCfg = Release|Any CPU
		{9E989EE7-37B6-4DC1-86AC-F1BA9B6AA460}.Release|x86.Build.0 = Release|Any CPU
	EndGlobalSection
	GlobalSection(SolutionProperties) = preSolution
		HideSolutionNode = FALSE
	EndGlobalSection
	GlobalSection(ExtensibilityGlobals) = postSolution
		SolutionGuid = {014F5048-70D4-4202-908D-549B2AE149CF}
	EndGlobalSection
EndGlobal
