
Microsoft Visual Studio Solution File, Format Version 12.00
# Visual Studio 15
VisualStudioVersion = 15.0.26403.7
MinimumVisualStudioVersion = 10.0.40219.1
Project("{FAE04EC0-301F-11D3-BF4B-00C04F79EFBC}") = "Plugin.HttpTransferTasks", "Plugin.HttpTransferTasks\Plugin.HttpTransferTasks.csproj", "{DA481A2A-2AD7-4FA7-BFB0-E54E4F0E453B}"
EndProject
Project("{2150E333-8FDC-42A3-9474-1A3956D46DE8}") = "Solution Items", "Solution Items", "{BAF0DBEB-F4F1-4C8D-94E4-54D53CF0C682}"
	ProjectSection(SolutionItems) = preProject
		ISSUE_TEMPLATE = ISSUE_TEMPLATE
		LICENSE.md = LICENSE.md
		nuspec\nuget.exe = nuspec\nuget.exe
		nuspec\pack.cmd = nuspec\pack.cmd
		nuspec\Plugin.HttpTransferTasks.nuspec = nuspec\Plugin.HttpTransferTasks.nuspec
		nuspec\push.cmd = nuspec\push.cmd
		readme.md = readme.md
	EndProjectSection
EndProject
Project("{D954291E-2A0B-460D-934E-DC6B0785DB48}") = "Plugin.HttpTransferTasks.Shared", "Plugin.HttpTransferTasks.Shared\Plugin.HttpTransferTasks.Shared.shproj", "{28C4C442-435C-4DA8-8B88-0F2366B2BCF2}"
EndProject
Project("{FAE04EC0-301F-11D3-BF4B-00C04F79EFBC}") = "Plugin.HttpTransferTasks.Droid", "Plugin.HttpTransferTasks.Droid\Plugin.HttpTransferTasks.Droid.csproj", "{5B3F03C9-085F-42A1-ADA0-3EED016502F0}"
EndProject
Project("{FAE04EC0-301F-11D3-BF4B-00C04F79EFBC}") = "Plugin.HttpTransferTasks.iOS", "Plugin.HttpTransferTasks.iOS\Plugin.HttpTransferTasks.iOS.csproj", "{EA4D71EB-60B5-4DAB-94A3-9A1E6A8786ED}"
EndProject
Project("{FAE04EC0-301F-11D3-BF4B-00C04F79EFBC}") = "Plugin.HttpTransferTasks.Uwp", "Plugin.HttpTransferTasks.Uwp\Plugin.HttpTransferTasks.Uwp.csproj", "{DEC5182E-9FDD-45CC-9CF7-A4C4F64A38B7}"
EndProject
Project("{FAE04EC0-301F-11D3-BF4B-00C04F79EFBC}") = "Plugin.HttpTransferTasks.Abstractions", "Plugin.HttpTransferTasks.Abstractions\Plugin.HttpTransferTasks.Abstractions.csproj", "{D3141F6B-355A-4F19-B9D7-BCA7D2CAFACA}"
EndProject
Project("{FAE04EC0-301F-11D3-BF4B-00C04F79EFBC}") = "Sample.Android", "Sample\Sample.Android\Sample.Android.csproj", "{9E22F907-D14A-410B-B83D-D72C5FFFF986}"
EndProject
Project("{FAE04EC0-301F-11D3-BF4B-00C04F79EFBC}") = "Sample", "Sample\Sample\Sample.csproj", "{6A3D687F-5E31-4A8F-932A-73B8754F7E51}"
EndProject
Project("{FAE04EC0-301F-11D3-BF4B-00C04F79EFBC}") = "Sample.UWP", "Sample\Sample.UWP\Sample.UWP.csproj", "{FA9EEC45-DF98-4C3C-80AE-9EC7D9C40A06}"
EndProject
Project("{FAE04EC0-301F-11D3-BF4B-00C04F79EFBC}") = "Sample.iOS", "Sample\Sample.iOS\Sample.iOS.csproj", "{019BA7FB-C5AB-44EC-8EED-99C37CA2B8BB}"
EndProject
Project("{2150E333-8FDC-42A3-9474-1A3956D46DE8}") = "lib", "lib", "{134068EF-4129-4774-A5F8-DF6866DFE09D}"
EndProject
Project("{FAE04EC0-301F-11D3-BF4B-00C04F79EFBC}") = "Plugin.HttpTransferTasks.Net", "Plugin.HttpTransferTasks.Net\Plugin.HttpTransferTasks.Net.csproj", "{6FB10576-23A4-4066-B7B3-BD0A98C78FFA}"
EndProject
Project("{D954291E-2A0B-460D-934E-DC6B0785DB48}") = "Plugin.HttpTransferTasks.HttpClient.Shared", "Plugin.HttpTransferTasks.HttpClient.Shared\Plugin.HttpTransferTasks.HttpClient.Shared.shproj", "{F4A15DD9-921C-475D-AA23-A9687D48FD92}"
EndProject
Global
	GlobalSection(SharedMSBuildProjectFiles) = preSolution
		Plugin.HttpTransferTasks.Shared\Plugin.HttpTransferTasks.Shared.projitems*{28c4c442-435c-4da8-8b88-0f2366b2bcf2}*SharedItemsImports = 13
		Plugin.HttpTransferTasks.HttpClient.Shared\Plugin.HttpTransferTasks.HttpClient.Shared.projitems*{5b3f03c9-085f-42a1-ada0-3eed016502f0}*SharedItemsImports = 4
		Plugin.HttpTransferTasks.Shared\Plugin.HttpTransferTasks.Shared.projitems*{5b3f03c9-085f-42a1-ada0-3eed016502f0}*SharedItemsImports = 4
		Plugin.HttpTransferTasks.HttpClient.Shared\Plugin.HttpTransferTasks.HttpClient.Shared.projitems*{6fb10576-23a4-4066-b7b3-bd0a98c78ffa}*SharedItemsImports = 4
		Plugin.HttpTransferTasks.Shared\Plugin.HttpTransferTasks.Shared.projitems*{6fb10576-23a4-4066-b7b3-bd0a98c78ffa}*SharedItemsImports = 4
		Plugin.HttpTransferTasks.Shared\Plugin.HttpTransferTasks.Shared.projitems*{da481a2a-2ad7-4fa7-bfb0-e54e4f0e453b}*SharedItemsImports = 4
		Plugin.HttpTransferTasks.Shared\Plugin.HttpTransferTasks.Shared.projitems*{dec5182e-9fdd-45cc-9cf7-a4c4f64a38b7}*SharedItemsImports = 4
		Plugin.HttpTransferTasks.Shared\Plugin.HttpTransferTasks.Shared.projitems*{ea4d71eb-60b5-4dab-94a3-9a1e6a8786ed}*SharedItemsImports = 4
		Plugin.HttpTransferTasks.HttpClient.Shared\Plugin.HttpTransferTasks.HttpClient.Shared.projitems*{f4a15dd9-921c-475d-aa23-a9687d48fd92}*SharedItemsImports = 13
	EndGlobalSection
	GlobalSection(SolutionConfigurationPlatforms) = preSolution
		Ad-Hoc|Any CPU = Ad-Hoc|Any CPU
		Ad-Hoc|ARM = Ad-Hoc|ARM
		Ad-Hoc|iPhone = Ad-Hoc|iPhone
		Ad-Hoc|iPhoneSimulator = Ad-Hoc|iPhoneSimulator
		Ad-Hoc|x64 = Ad-Hoc|x64
		Ad-Hoc|x86 = Ad-Hoc|x86
		AppStore|Any CPU = AppStore|Any CPU
		AppStore|ARM = AppStore|ARM
		AppStore|iPhone = AppStore|iPhone
		AppStore|iPhoneSimulator = AppStore|iPhoneSimulator
		AppStore|x64 = AppStore|x64
		AppStore|x86 = AppStore|x86
		Debug|Any CPU = Debug|Any CPU
		Debug|ARM = Debug|ARM
		Debug|iPhone = Debug|iPhone
		Debug|iPhoneSimulator = Debug|iPhoneSimulator
		Debug|x64 = Debug|x64
		Debug|x86 = Debug|x86
		Release|Any CPU = Release|Any CPU
		Release|ARM = Release|ARM
		Release|iPhone = Release|iPhone
		Release|iPhoneSimulator = Release|iPhoneSimulator
		Release|x64 = Release|x64
		Release|x86 = Release|x86
	EndGlobalSection
	GlobalSection(ProjectConfigurationPlatforms) = postSolution
		{DA481A2A-2AD7-4FA7-BFB0-E54E4F0E453B}.Ad-Hoc|Any CPU.ActiveCfg = Release|Any CPU
		{DA481A2A-2AD7-4FA7-BFB0-E54E4F0E453B}.Ad-Hoc|Any CPU.Build.0 = Release|Any CPU
		{DA481A2A-2AD7-4FA7-BFB0-E54E4F0E453B}.Ad-Hoc|ARM.ActiveCfg = Release|Any CPU
		{DA481A2A-2AD7-4FA7-BFB0-E54E4F0E453B}.Ad-Hoc|ARM.Build.0 = Release|Any CPU
		{DA481A2A-2AD7-4FA7-BFB0-E54E4F0E453B}.Ad-Hoc|iPhone.ActiveCfg = Release|Any CPU
		{DA481A2A-2AD7-4FA7-BFB0-E54E4F0E453B}.Ad-Hoc|iPhone.Build.0 = Release|Any CPU
		{DA481A2A-2AD7-4FA7-BFB0-E54E4F0E453B}.Ad-Hoc|iPhoneSimulator.ActiveCfg = Release|Any CPU
		{DA481A2A-2AD7-4FA7-BFB0-E54E4F0E453B}.Ad-Hoc|iPhoneSimulator.Build.0 = Release|Any CPU
		{DA481A2A-2AD7-4FA7-BFB0-E54E4F0E453B}.Ad-Hoc|x64.ActiveCfg = Release|Any CPU
		{DA481A2A-2AD7-4FA7-BFB0-E54E4F0E453B}.Ad-Hoc|x64.Build.0 = Release|Any CPU
		{DA481A2A-2AD7-4FA7-BFB0-E54E4F0E453B}.Ad-Hoc|x86.ActiveCfg = Release|Any CPU
		{DA481A2A-2AD7-4FA7-BFB0-E54E4F0E453B}.Ad-Hoc|x86.Build.0 = Release|Any CPU
		{DA481A2A-2AD7-4FA7-BFB0-E54E4F0E453B}.AppStore|Any CPU.ActiveCfg = Release|Any CPU
		{DA481A2A-2AD7-4FA7-BFB0-E54E4F0E453B}.AppStore|Any CPU.Build.0 = Release|Any CPU
		{DA481A2A-2AD7-4FA7-BFB0-E54E4F0E453B}.AppStore|ARM.ActiveCfg = Release|Any CPU
		{DA481A2A-2AD7-4FA7-BFB0-E54E4F0E453B}.AppStore|ARM.Build.0 = Release|Any CPU
		{DA481A2A-2AD7-4FA7-BFB0-E54E4F0E453B}.AppStore|iPhone.ActiveCfg = Release|Any CPU
		{DA481A2A-2AD7-4FA7-BFB0-E54E4F0E453B}.AppStore|iPhone.Build.0 = Release|Any CPU
		{DA481A2A-2AD7-4FA7-BFB0-E54E4F0E453B}.AppStore|iPhoneSimulator.ActiveCfg = Release|Any CPU
		{DA481A2A-2AD7-4FA7-BFB0-E54E4F0E453B}.AppStore|iPhoneSimulator.Build.0 = Release|Any CPU
		{DA481A2A-2AD7-4FA7-BFB0-E54E4F0E453B}.AppStore|x64.ActiveCfg = Release|Any CPU
		{DA481A2A-2AD7-4FA7-BFB0-E54E4F0E453B}.AppStore|x64.Build.0 = Release|Any CPU
		{DA481A2A-2AD7-4FA7-BFB0-E54E4F0E453B}.AppStore|x86.ActiveCfg = Release|Any CPU
		{DA481A2A-2AD7-4FA7-BFB0-E54E4F0E453B}.AppStore|x86.Build.0 = Release|Any CPU
		{DA481A2A-2AD7-4FA7-BFB0-E54E4F0E453B}.Debug|Any CPU.ActiveCfg = Debug|Any CPU
		{DA481A2A-2AD7-4FA7-BFB0-E54E4F0E453B}.Debug|Any CPU.Build.0 = Debug|Any CPU
		{DA481A2A-2AD7-4FA7-BFB0-E54E4F0E453B}.Debug|ARM.ActiveCfg = Debug|Any CPU
		{DA481A2A-2AD7-4FA7-BFB0-E54E4F0E453B}.Debug|ARM.Build.0 = Debug|Any CPU
		{DA481A2A-2AD7-4FA7-BFB0-E54E4F0E453B}.Debug|iPhone.ActiveCfg = Debug|Any CPU
		{DA481A2A-2AD7-4FA7-BFB0-E54E4F0E453B}.Debug|iPhone.Build.0 = Debug|Any CPU
		{DA481A2A-2AD7-4FA7-BFB0-E54E4F0E453B}.Debug|iPhoneSimulator.ActiveCfg = Debug|Any CPU
		{DA481A2A-2AD7-4FA7-BFB0-E54E4F0E453B}.Debug|iPhoneSimulator.Build.0 = Debug|Any CPU
		{DA481A2A-2AD7-4FA7-BFB0-E54E4F0E453B}.Debug|x64.ActiveCfg = Debug|Any CPU
		{DA481A2A-2AD7-4FA7-BFB0-E54E4F0E453B}.Debug|x64.Build.0 = Debug|Any CPU
		{DA481A2A-2AD7-4FA7-BFB0-E54E4F0E453B}.Debug|x86.ActiveCfg = Debug|Any CPU
		{DA481A2A-2AD7-4FA7-BFB0-E54E4F0E453B}.Debug|x86.Build.0 = Debug|Any CPU
		{DA481A2A-2AD7-4FA7-BFB0-E54E4F0E453B}.Release|Any CPU.ActiveCfg = Release|Any CPU
		{DA481A2A-2AD7-4FA7-BFB0-E54E4F0E453B}.Release|Any CPU.Build.0 = Release|Any CPU
		{DA481A2A-2AD7-4FA7-BFB0-E54E4F0E453B}.Release|ARM.ActiveCfg = Release|Any CPU
		{DA481A2A-2AD7-4FA7-BFB0-E54E4F0E453B}.Release|ARM.Build.0 = Release|Any CPU
		{DA481A2A-2AD7-4FA7-BFB0-E54E4F0E453B}.Release|iPhone.ActiveCfg = Release|Any CPU
		{DA481A2A-2AD7-4FA7-BFB0-E54E4F0E453B}.Release|iPhone.Build.0 = Release|Any CPU
		{DA481A2A-2AD7-4FA7-BFB0-E54E4F0E453B}.Release|iPhoneSimulator.ActiveCfg = Release|Any CPU
		{DA481A2A-2AD7-4FA7-BFB0-E54E4F0E453B}.Release|iPhoneSimulator.Build.0 = Release|Any CPU
		{DA481A2A-2AD7-4FA7-BFB0-E54E4F0E453B}.Release|x64.ActiveCfg = Release|Any CPU
		{DA481A2A-2AD7-4FA7-BFB0-E54E4F0E453B}.Release|x64.Build.0 = Release|Any CPU
		{DA481A2A-2AD7-4FA7-BFB0-E54E4F0E453B}.Release|x86.ActiveCfg = Release|Any CPU
		{DA481A2A-2AD7-4FA7-BFB0-E54E4F0E453B}.Release|x86.Build.0 = Release|Any CPU
		{5B3F03C9-085F-42A1-ADA0-3EED016502F0}.Ad-Hoc|Any CPU.ActiveCfg = Release|Any CPU
		{5B3F03C9-085F-42A1-ADA0-3EED016502F0}.Ad-Hoc|Any CPU.Build.0 = Release|Any CPU
		{5B3F03C9-085F-42A1-ADA0-3EED016502F0}.Ad-Hoc|ARM.ActiveCfg = Release|Any CPU
		{5B3F03C9-085F-42A1-ADA0-3EED016502F0}.Ad-Hoc|ARM.Build.0 = Release|Any CPU
		{5B3F03C9-085F-42A1-ADA0-3EED016502F0}.Ad-Hoc|iPhone.ActiveCfg = Release|Any CPU
		{5B3F03C9-085F-42A1-ADA0-3EED016502F0}.Ad-Hoc|iPhone.Build.0 = Release|Any CPU
		{5B3F03C9-085F-42A1-ADA0-3EED016502F0}.Ad-Hoc|iPhoneSimulator.ActiveCfg = Release|Any CPU
		{5B3F03C9-085F-42A1-ADA0-3EED016502F0}.Ad-Hoc|iPhoneSimulator.Build.0 = Release|Any CPU
		{5B3F03C9-085F-42A1-ADA0-3EED016502F0}.Ad-Hoc|x64.ActiveCfg = Release|Any CPU
		{5B3F03C9-085F-42A1-ADA0-3EED016502F0}.Ad-Hoc|x64.Build.0 = Release|Any CPU
		{5B3F03C9-085F-42A1-ADA0-3EED016502F0}.Ad-Hoc|x86.ActiveCfg = Release|Any CPU
		{5B3F03C9-085F-42A1-ADA0-3EED016502F0}.Ad-Hoc|x86.Build.0 = Release|Any CPU
		{5B3F03C9-085F-42A1-ADA0-3EED016502F0}.AppStore|Any CPU.ActiveCfg = Release|Any CPU
		{5B3F03C9-085F-42A1-ADA0-3EED016502F0}.AppStore|Any CPU.Build.0 = Release|Any CPU
		{5B3F03C9-085F-42A1-ADA0-3EED016502F0}.AppStore|ARM.ActiveCfg = Release|Any CPU
		{5B3F03C9-085F-42A1-ADA0-3EED016502F0}.AppStore|ARM.Build.0 = Release|Any CPU
		{5B3F03C9-085F-42A1-ADA0-3EED016502F0}.AppStore|iPhone.ActiveCfg = Release|Any CPU
		{5B3F03C9-085F-42A1-ADA0-3EED016502F0}.AppStore|iPhone.Build.0 = Release|Any CPU
		{5B3F03C9-085F-42A1-ADA0-3EED016502F0}.AppStore|iPhoneSimulator.ActiveCfg = Release|Any CPU
		{5B3F03C9-085F-42A1-ADA0-3EED016502F0}.AppStore|iPhoneSimulator.Build.0 = Release|Any CPU
		{5B3F03C9-085F-42A1-ADA0-3EED016502F0}.AppStore|x64.ActiveCfg = Release|Any CPU
		{5B3F03C9-085F-42A1-ADA0-3EED016502F0}.AppStore|x64.Build.0 = Release|Any CPU
		{5B3F03C9-085F-42A1-ADA0-3EED016502F0}.AppStore|x86.ActiveCfg = Release|Any CPU
		{5B3F03C9-085F-42A1-ADA0-3EED016502F0}.AppStore|x86.Build.0 = Release|Any CPU
		{5B3F03C9-085F-42A1-ADA0-3EED016502F0}.Debug|Any CPU.ActiveCfg = Debug|Any CPU
		{5B3F03C9-085F-42A1-ADA0-3EED016502F0}.Debug|Any CPU.Build.0 = Debug|Any CPU
		{5B3F03C9-085F-42A1-ADA0-3EED016502F0}.Debug|ARM.ActiveCfg = Debug|Any CPU
		{5B3F03C9-085F-42A1-ADA0-3EED016502F0}.Debug|ARM.Build.0 = Debug|Any CPU
		{5B3F03C9-085F-42A1-ADA0-3EED016502F0}.Debug|iPhone.ActiveCfg = Debug|Any CPU
		{5B3F03C9-085F-42A1-ADA0-3EED016502F0}.Debug|iPhone.Build.0 = Debug|Any CPU
		{5B3F03C9-085F-42A1-ADA0-3EED016502F0}.Debug|iPhoneSimulator.ActiveCfg = Debug|Any CPU
		{5B3F03C9-085F-42A1-ADA0-3EED016502F0}.Debug|iPhoneSimulator.Build.0 = Debug|Any CPU
		{5B3F03C9-085F-42A1-ADA0-3EED016502F0}.Debug|x64.ActiveCfg = Debug|Any CPU
		{5B3F03C9-085F-42A1-ADA0-3EED016502F0}.Debug|x64.Build.0 = Debug|Any CPU
		{5B3F03C9-085F-42A1-ADA0-3EED016502F0}.Debug|x86.ActiveCfg = Debug|Any CPU
		{5B3F03C9-085F-42A1-ADA0-3EED016502F0}.Debug|x86.Build.0 = Debug|Any CPU
		{5B3F03C9-085F-42A1-ADA0-3EED016502F0}.Release|Any CPU.ActiveCfg = Release|Any CPU
		{5B3F03C9-085F-42A1-ADA0-3EED016502F0}.Release|Any CPU.Build.0 = Release|Any CPU
		{5B3F03C9-085F-42A1-ADA0-3EED016502F0}.Release|ARM.ActiveCfg = Release|Any CPU
		{5B3F03C9-085F-42A1-ADA0-3EED016502F0}.Release|ARM.Build.0 = Release|Any CPU
		{5B3F03C9-085F-42A1-ADA0-3EED016502F0}.Release|iPhone.ActiveCfg = Release|Any CPU
		{5B3F03C9-085F-42A1-ADA0-3EED016502F0}.Release|iPhone.Build.0 = Release|Any CPU
		{5B3F03C9-085F-42A1-ADA0-3EED016502F0}.Release|iPhoneSimulator.ActiveCfg = Release|Any CPU
		{5B3F03C9-085F-42A1-ADA0-3EED016502F0}.Release|iPhoneSimulator.Build.0 = Release|Any CPU
		{5B3F03C9-085F-42A1-ADA0-3EED016502F0}.Release|x64.ActiveCfg = Release|Any CPU
		{5B3F03C9-085F-42A1-ADA0-3EED016502F0}.Release|x64.Build.0 = Release|Any CPU
		{5B3F03C9-085F-42A1-ADA0-3EED016502F0}.Release|x86.ActiveCfg = Release|Any CPU
		{5B3F03C9-085F-42A1-ADA0-3EED016502F0}.Release|x86.Build.0 = Release|Any CPU
		{EA4D71EB-60B5-4DAB-94A3-9A1E6A8786ED}.Ad-Hoc|Any CPU.ActiveCfg = Release|Any CPU
		{EA4D71EB-60B5-4DAB-94A3-9A1E6A8786ED}.Ad-Hoc|Any CPU.Build.0 = Release|Any CPU
		{EA4D71EB-60B5-4DAB-94A3-9A1E6A8786ED}.Ad-Hoc|ARM.ActiveCfg = Release|Any CPU
		{EA4D71EB-60B5-4DAB-94A3-9A1E6A8786ED}.Ad-Hoc|ARM.Build.0 = Release|Any CPU
		{EA4D71EB-60B5-4DAB-94A3-9A1E6A8786ED}.Ad-Hoc|iPhone.ActiveCfg = Release|Any CPU
		{EA4D71EB-60B5-4DAB-94A3-9A1E6A8786ED}.Ad-Hoc|iPhone.Build.0 = Release|Any CPU
		{EA4D71EB-60B5-4DAB-94A3-9A1E6A8786ED}.Ad-Hoc|iPhoneSimulator.ActiveCfg = Release|Any CPU
		{EA4D71EB-60B5-4DAB-94A3-9A1E6A8786ED}.Ad-Hoc|iPhoneSimulator.Build.0 = Release|Any CPU
		{EA4D71EB-60B5-4DAB-94A3-9A1E6A8786ED}.Ad-Hoc|x64.ActiveCfg = Release|Any CPU
		{EA4D71EB-60B5-4DAB-94A3-9A1E6A8786ED}.Ad-Hoc|x64.Build.0 = Release|Any CPU
		{EA4D71EB-60B5-4DAB-94A3-9A1E6A8786ED}.Ad-Hoc|x86.ActiveCfg = Release|Any CPU
		{EA4D71EB-60B5-4DAB-94A3-9A1E6A8786ED}.Ad-Hoc|x86.Build.0 = Release|Any CPU
		{EA4D71EB-60B5-4DAB-94A3-9A1E6A8786ED}.AppStore|Any CPU.ActiveCfg = Release|Any CPU
		{EA4D71EB-60B5-4DAB-94A3-9A1E6A8786ED}.AppStore|Any CPU.Build.0 = Release|Any CPU
		{EA4D71EB-60B5-4DAB-94A3-9A1E6A8786ED}.AppStore|ARM.ActiveCfg = Release|Any CPU
		{EA4D71EB-60B5-4DAB-94A3-9A1E6A8786ED}.AppStore|ARM.Build.0 = Release|Any CPU
		{EA4D71EB-60B5-4DAB-94A3-9A1E6A8786ED}.AppStore|iPhone.ActiveCfg = Release|Any CPU
		{EA4D71EB-60B5-4DAB-94A3-9A1E6A8786ED}.AppStore|iPhone.Build.0 = Release|Any CPU
		{EA4D71EB-60B5-4DAB-94A3-9A1E6A8786ED}.AppStore|iPhoneSimulator.ActiveCfg = Release|Any CPU
		{EA4D71EB-60B5-4DAB-94A3-9A1E6A8786ED}.AppStore|iPhoneSimulator.Build.0 = Release|Any CPU
		{EA4D71EB-60B5-4DAB-94A3-9A1E6A8786ED}.AppStore|x64.ActiveCfg = Release|Any CPU
		{EA4D71EB-60B5-4DAB-94A3-9A1E6A8786ED}.AppStore|x64.Build.0 = Release|Any CPU
		{EA4D71EB-60B5-4DAB-94A3-9A1E6A8786ED}.AppStore|x86.ActiveCfg = Release|Any CPU
		{EA4D71EB-60B5-4DAB-94A3-9A1E6A8786ED}.AppStore|x86.Build.0 = Release|Any CPU
		{EA4D71EB-60B5-4DAB-94A3-9A1E6A8786ED}.Debug|Any CPU.ActiveCfg = Debug|Any CPU
		{EA4D71EB-60B5-4DAB-94A3-9A1E6A8786ED}.Debug|Any CPU.Build.0 = Debug|Any CPU
		{EA4D71EB-60B5-4DAB-94A3-9A1E6A8786ED}.Debug|ARM.ActiveCfg = Debug|Any CPU
		{EA4D71EB-60B5-4DAB-94A3-9A1E6A8786ED}.Debug|ARM.Build.0 = Debug|Any CPU
		{EA4D71EB-60B5-4DAB-94A3-9A1E6A8786ED}.Debug|iPhone.ActiveCfg = Debug|Any CPU
		{EA4D71EB-60B5-4DAB-94A3-9A1E6A8786ED}.Debug|iPhone.Build.0 = Debug|Any CPU
		{EA4D71EB-60B5-4DAB-94A3-9A1E6A8786ED}.Debug|iPhoneSimulator.ActiveCfg = Debug|Any CPU
		{EA4D71EB-60B5-4DAB-94A3-9A1E6A8786ED}.Debug|iPhoneSimulator.Build.0 = Debug|Any CPU
		{EA4D71EB-60B5-4DAB-94A3-9A1E6A8786ED}.Debug|x64.ActiveCfg = Debug|Any CPU
		{EA4D71EB-60B5-4DAB-94A3-9A1E6A8786ED}.Debug|x64.Build.0 = Debug|Any CPU
		{EA4D71EB-60B5-4DAB-94A3-9A1E6A8786ED}.Debug|x86.ActiveCfg = Debug|Any CPU
		{EA4D71EB-60B5-4DAB-94A3-9A1E6A8786ED}.Debug|x86.Build.0 = Debug|Any CPU
		{EA4D71EB-60B5-4DAB-94A3-9A1E6A8786ED}.Release|Any CPU.ActiveCfg = Release|Any CPU
		{EA4D71EB-60B5-4DAB-94A3-9A1E6A8786ED}.Release|Any CPU.Build.0 = Release|Any CPU
		{EA4D71EB-60B5-4DAB-94A3-9A1E6A8786ED}.Release|ARM.ActiveCfg = Release|Any CPU
		{EA4D71EB-60B5-4DAB-94A3-9A1E6A8786ED}.Release|ARM.Build.0 = Release|Any CPU
		{EA4D71EB-60B5-4DAB-94A3-9A1E6A8786ED}.Release|iPhone.ActiveCfg = Release|Any CPU
		{EA4D71EB-60B5-4DAB-94A3-9A1E6A8786ED}.Release|iPhone.Build.0 = Release|Any CPU
		{EA4D71EB-60B5-4DAB-94A3-9A1E6A8786ED}.Release|iPhoneSimulator.ActiveCfg = Release|Any CPU
		{EA4D71EB-60B5-4DAB-94A3-9A1E6A8786ED}.Release|iPhoneSimulator.Build.0 = Release|Any CPU
		{EA4D71EB-60B5-4DAB-94A3-9A1E6A8786ED}.Release|x64.ActiveCfg = Release|Any CPU
		{EA4D71EB-60B5-4DAB-94A3-9A1E6A8786ED}.Release|x64.Build.0 = Release|Any CPU
		{EA4D71EB-60B5-4DAB-94A3-9A1E6A8786ED}.Release|x86.ActiveCfg = Release|Any CPU
		{EA4D71EB-60B5-4DAB-94A3-9A1E6A8786ED}.Release|x86.Build.0 = Release|Any CPU
		{DEC5182E-9FDD-45CC-9CF7-A4C4F64A38B7}.Ad-Hoc|Any CPU.ActiveCfg = Release|Any CPU
		{DEC5182E-9FDD-45CC-9CF7-A4C4F64A38B7}.Ad-Hoc|Any CPU.Build.0 = Release|Any CPU
		{DEC5182E-9FDD-45CC-9CF7-A4C4F64A38B7}.Ad-Hoc|ARM.ActiveCfg = Release|ARM
		{DEC5182E-9FDD-45CC-9CF7-A4C4F64A38B7}.Ad-Hoc|ARM.Build.0 = Release|ARM
		{DEC5182E-9FDD-45CC-9CF7-A4C4F64A38B7}.Ad-Hoc|iPhone.ActiveCfg = Release|Any CPU
		{DEC5182E-9FDD-45CC-9CF7-A4C4F64A38B7}.Ad-Hoc|iPhone.Build.0 = Release|Any CPU
		{DEC5182E-9FDD-45CC-9CF7-A4C4F64A38B7}.Ad-Hoc|iPhoneSimulator.ActiveCfg = Release|Any CPU
		{DEC5182E-9FDD-45CC-9CF7-A4C4F64A38B7}.Ad-Hoc|iPhoneSimulator.Build.0 = Release|Any CPU
		{DEC5182E-9FDD-45CC-9CF7-A4C4F64A38B7}.Ad-Hoc|x64.ActiveCfg = Release|x64
		{DEC5182E-9FDD-45CC-9CF7-A4C4F64A38B7}.Ad-Hoc|x64.Build.0 = Release|x64
		{DEC5182E-9FDD-45CC-9CF7-A4C4F64A38B7}.Ad-Hoc|x86.ActiveCfg = Release|x86
		{DEC5182E-9FDD-45CC-9CF7-A4C4F64A38B7}.Ad-Hoc|x86.Build.0 = Release|x86
		{DEC5182E-9FDD-45CC-9CF7-A4C4F64A38B7}.AppStore|Any CPU.ActiveCfg = Release|Any CPU
		{DEC5182E-9FDD-45CC-9CF7-A4C4F64A38B7}.AppStore|Any CPU.Build.0 = Release|Any CPU
		{DEC5182E-9FDD-45CC-9CF7-A4C4F64A38B7}.AppStore|ARM.ActiveCfg = Release|ARM
		{DEC5182E-9FDD-45CC-9CF7-A4C4F64A38B7}.AppStore|ARM.Build.0 = Release|ARM
		{DEC5182E-9FDD-45CC-9CF7-A4C4F64A38B7}.AppStore|iPhone.ActiveCfg = Release|Any CPU
		{DEC5182E-9FDD-45CC-9CF7-A4C4F64A38B7}.AppStore|iPhone.Build.0 = Release|Any CPU
		{DEC5182E-9FDD-45CC-9CF7-A4C4F64A38B7}.AppStore|iPhoneSimulator.ActiveCfg = Release|Any CPU
		{DEC5182E-9FDD-45CC-9CF7-A4C4F64A38B7}.AppStore|iPhoneSimulator.Build.0 = Release|Any CPU
		{DEC5182E-9FDD-45CC-9CF7-A4C4F64A38B7}.AppStore|x64.ActiveCfg = Release|x64
		{DEC5182E-9FDD-45CC-9CF7-A4C4F64A38B7}.AppStore|x64.Build.0 = Release|x64
		{DEC5182E-9FDD-45CC-9CF7-A4C4F64A38B7}.AppStore|x86.ActiveCfg = Release|x86
		{DEC5182E-9FDD-45CC-9CF7-A4C4F64A38B7}.AppStore|x86.Build.0 = Release|x86
		{DEC5182E-9FDD-45CC-9CF7-A4C4F64A38B7}.Debug|Any CPU.ActiveCfg = Debug|Any CPU
		{DEC5182E-9FDD-45CC-9CF7-A4C4F64A38B7}.Debug|Any CPU.Build.0 = Debug|Any CPU
		{DEC5182E-9FDD-45CC-9CF7-A4C4F64A38B7}.Debug|ARM.ActiveCfg = Debug|ARM
		{DEC5182E-9FDD-45CC-9CF7-A4C4F64A38B7}.Debug|ARM.Build.0 = Debug|ARM
		{DEC5182E-9FDD-45CC-9CF7-A4C4F64A38B7}.Debug|iPhone.ActiveCfg = Debug|Any CPU
		{DEC5182E-9FDD-45CC-9CF7-A4C4F64A38B7}.Debug|iPhone.Build.0 = Debug|Any CPU
		{DEC5182E-9FDD-45CC-9CF7-A4C4F64A38B7}.Debug|iPhoneSimulator.ActiveCfg = Debug|Any CPU
		{DEC5182E-9FDD-45CC-9CF7-A4C4F64A38B7}.Debug|iPhoneSimulator.Build.0 = Debug|Any CPU
		{DEC5182E-9FDD-45CC-9CF7-A4C4F64A38B7}.Debug|x64.ActiveCfg = Debug|x64
		{DEC5182E-9FDD-45CC-9CF7-A4C4F64A38B7}.Debug|x64.Build.0 = Debug|x64
		{DEC5182E-9FDD-45CC-9CF7-A4C4F64A38B7}.Debug|x86.ActiveCfg = Debug|x86
		{DEC5182E-9FDD-45CC-9CF7-A4C4F64A38B7}.Debug|x86.Build.0 = Debug|x86
		{DEC5182E-9FDD-45CC-9CF7-A4C4F64A38B7}.Release|Any CPU.ActiveCfg = Release|Any CPU
		{DEC5182E-9FDD-45CC-9CF7-A4C4F64A38B7}.Release|Any CPU.Build.0 = Release|Any CPU
		{DEC5182E-9FDD-45CC-9CF7-A4C4F64A38B7}.Release|ARM.ActiveCfg = Release|ARM
		{DEC5182E-9FDD-45CC-9CF7-A4C4F64A38B7}.Release|ARM.Build.0 = Release|ARM
		{DEC5182E-9FDD-45CC-9CF7-A4C4F64A38B7}.Release|iPhone.ActiveCfg = Release|Any CPU
		{DEC5182E-9FDD-45CC-9CF7-A4C4F64A38B7}.Release|iPhone.Build.0 = Release|Any CPU
		{DEC5182E-9FDD-45CC-9CF7-A4C4F64A38B7}.Release|iPhoneSimulator.ActiveCfg = Release|Any CPU
		{DEC5182E-9FDD-45CC-9CF7-A4C4F64A38B7}.Release|iPhoneSimulator.Build.0 = Release|Any CPU
		{DEC5182E-9FDD-45CC-9CF7-A4C4F64A38B7}.Release|x64.ActiveCfg = Release|x64
		{DEC5182E-9FDD-45CC-9CF7-A4C4F64A38B7}.Release|x64.Build.0 = Release|x64
		{DEC5182E-9FDD-45CC-9CF7-A4C4F64A38B7}.Release|x86.ActiveCfg = Release|x86
		{DEC5182E-9FDD-45CC-9CF7-A4C4F64A38B7}.Release|x86.Build.0 = Release|x86
		{D3141F6B-355A-4F19-B9D7-BCA7D2CAFACA}.Ad-Hoc|Any CPU.ActiveCfg = Release|Any CPU
		{D3141F6B-355A-4F19-B9D7-BCA7D2CAFACA}.Ad-Hoc|Any CPU.Build.0 = Release|Any CPU
		{D3141F6B-355A-4F19-B9D7-BCA7D2CAFACA}.Ad-Hoc|ARM.ActiveCfg = Release|Any CPU
		{D3141F6B-355A-4F19-B9D7-BCA7D2CAFACA}.Ad-Hoc|ARM.Build.0 = Release|Any CPU
		{D3141F6B-355A-4F19-B9D7-BCA7D2CAFACA}.Ad-Hoc|iPhone.ActiveCfg = Release|Any CPU
		{D3141F6B-355A-4F19-B9D7-BCA7D2CAFACA}.Ad-Hoc|iPhone.Build.0 = Release|Any CPU
		{D3141F6B-355A-4F19-B9D7-BCA7D2CAFACA}.Ad-Hoc|iPhoneSimulator.ActiveCfg = Release|Any CPU
		{D3141F6B-355A-4F19-B9D7-BCA7D2CAFACA}.Ad-Hoc|iPhoneSimulator.Build.0 = Release|Any CPU
		{D3141F6B-355A-4F19-B9D7-BCA7D2CAFACA}.Ad-Hoc|x64.ActiveCfg = Release|Any CPU
		{D3141F6B-355A-4F19-B9D7-BCA7D2CAFACA}.Ad-Hoc|x64.Build.0 = Release|Any CPU
		{D3141F6B-355A-4F19-B9D7-BCA7D2CAFACA}.Ad-Hoc|x86.ActiveCfg = Release|Any CPU
		{D3141F6B-355A-4F19-B9D7-BCA7D2CAFACA}.Ad-Hoc|x86.Build.0 = Release|Any CPU
		{D3141F6B-355A-4F19-B9D7-BCA7D2CAFACA}.AppStore|Any CPU.ActiveCfg = Release|Any CPU
		{D3141F6B-355A-4F19-B9D7-BCA7D2CAFACA}.AppStore|Any CPU.Build.0 = Release|Any CPU
		{D3141F6B-355A-4F19-B9D7-BCA7D2CAFACA}.AppStore|ARM.ActiveCfg = Release|Any CPU
		{D3141F6B-355A-4F19-B9D7-BCA7D2CAFACA}.AppStore|ARM.Build.0 = Release|Any CPU
		{D3141F6B-355A-4F19-B9D7-BCA7D2CAFACA}.AppStore|iPhone.ActiveCfg = Release|Any CPU
		{D3141F6B-355A-4F19-B9D7-BCA7D2CAFACA}.AppStore|iPhone.Build.0 = Release|Any CPU
		{D3141F6B-355A-4F19-B9D7-BCA7D2CAFACA}.AppStore|iPhoneSimulator.ActiveCfg = Release|Any CPU
		{D3141F6B-355A-4F19-B9D7-BCA7D2CAFACA}.AppStore|iPhoneSimulator.Build.0 = Release|Any CPU
		{D3141F6B-355A-4F19-B9D7-BCA7D2CAFACA}.AppStore|x64.ActiveCfg = Release|Any CPU
		{D3141F6B-355A-4F19-B9D7-BCA7D2CAFACA}.AppStore|x64.Build.0 = Release|Any CPU
		{D3141F6B-355A-4F19-B9D7-BCA7D2CAFACA}.AppStore|x86.ActiveCfg = Release|Any CPU
		{D3141F6B-355A-4F19-B9D7-BCA7D2CAFACA}.AppStore|x86.Build.0 = Release|Any CPU
		{D3141F6B-355A-4F19-B9D7-BCA7D2CAFACA}.Debug|Any CPU.ActiveCfg = Debug|Any CPU
		{D3141F6B-355A-4F19-B9D7-BCA7D2CAFACA}.Debug|Any CPU.Build.0 = Debug|Any CPU
		{D3141F6B-355A-4F19-B9D7-BCA7D2CAFACA}.Debug|ARM.ActiveCfg = Debug|Any CPU
		{D3141F6B-355A-4F19-B9D7-BCA7D2CAFACA}.Debug|ARM.Build.0 = Debug|Any CPU
		{D3141F6B-355A-4F19-B9D7-BCA7D2CAFACA}.Debug|iPhone.ActiveCfg = Debug|Any CPU
		{D3141F6B-355A-4F19-B9D7-BCA7D2CAFACA}.Debug|iPhone.Build.0 = Debug|Any CPU
		{D3141F6B-355A-4F19-B9D7-BCA7D2CAFACA}.Debug|iPhoneSimulator.ActiveCfg = Debug|Any CPU
		{D3141F6B-355A-4F19-B9D7-BCA7D2CAFACA}.Debug|iPhoneSimulator.Build.0 = Debug|Any CPU
		{D3141F6B-355A-4F19-B9D7-BCA7D2CAFACA}.Debug|x64.ActiveCfg = Debug|Any CPU
		{D3141F6B-355A-4F19-B9D7-BCA7D2CAFACA}.Debug|x64.Build.0 = Debug|Any CPU
		{D3141F6B-355A-4F19-B9D7-BCA7D2CAFACA}.Debug|x86.ActiveCfg = Debug|Any CPU
		{D3141F6B-355A-4F19-B9D7-BCA7D2CAFACA}.Debug|x86.Build.0 = Debug|Any CPU
		{D3141F6B-355A-4F19-B9D7-BCA7D2CAFACA}.Release|Any CPU.ActiveCfg = Release|Any CPU
		{D3141F6B-355A-4F19-B9D7-BCA7D2CAFACA}.Release|Any CPU.Build.0 = Release|Any CPU
		{D3141F6B-355A-4F19-B9D7-BCA7D2CAFACA}.Release|ARM.ActiveCfg = Release|Any CPU
		{D3141F6B-355A-4F19-B9D7-BCA7D2CAFACA}.Release|ARM.Build.0 = Release|Any CPU
		{D3141F6B-355A-4F19-B9D7-BCA7D2CAFACA}.Release|iPhone.ActiveCfg = Release|Any CPU
		{D3141F6B-355A-4F19-B9D7-BCA7D2CAFACA}.Release|iPhone.Build.0 = Release|Any CPU
		{D3141F6B-355A-4F19-B9D7-BCA7D2CAFACA}.Release|iPhoneSimulator.ActiveCfg = Release|Any CPU
		{D3141F6B-355A-4F19-B9D7-BCA7D2CAFACA}.Release|iPhoneSimulator.Build.0 = Release|Any CPU
		{D3141F6B-355A-4F19-B9D7-BCA7D2CAFACA}.Release|x64.ActiveCfg = Release|Any CPU
		{D3141F6B-355A-4F19-B9D7-BCA7D2CAFACA}.Release|x64.Build.0 = Release|Any CPU
		{D3141F6B-355A-4F19-B9D7-BCA7D2CAFACA}.Release|x86.ActiveCfg = Release|Any CPU
		{D3141F6B-355A-4F19-B9D7-BCA7D2CAFACA}.Release|x86.Build.0 = Release|Any CPU
		{9E22F907-D14A-410B-B83D-D72C5FFFF986}.Ad-Hoc|Any CPU.ActiveCfg = Release|Any CPU
		{9E22F907-D14A-410B-B83D-D72C5FFFF986}.Ad-Hoc|Any CPU.Build.0 = Release|Any CPU
		{9E22F907-D14A-410B-B83D-D72C5FFFF986}.Ad-Hoc|Any CPU.Deploy.0 = Release|Any CPU
		{9E22F907-D14A-410B-B83D-D72C5FFFF986}.Ad-Hoc|ARM.ActiveCfg = Release|Any CPU
		{9E22F907-D14A-410B-B83D-D72C5FFFF986}.Ad-Hoc|ARM.Build.0 = Release|Any CPU
		{9E22F907-D14A-410B-B83D-D72C5FFFF986}.Ad-Hoc|ARM.Deploy.0 = Release|Any CPU
		{9E22F907-D14A-410B-B83D-D72C5FFFF986}.Ad-Hoc|iPhone.ActiveCfg = Release|Any CPU
		{9E22F907-D14A-410B-B83D-D72C5FFFF986}.Ad-Hoc|iPhone.Build.0 = Release|Any CPU
		{9E22F907-D14A-410B-B83D-D72C5FFFF986}.Ad-Hoc|iPhone.Deploy.0 = Release|Any CPU
		{9E22F907-D14A-410B-B83D-D72C5FFFF986}.Ad-Hoc|iPhoneSimulator.ActiveCfg = Release|Any CPU
		{9E22F907-D14A-410B-B83D-D72C5FFFF986}.Ad-Hoc|iPhoneSimulator.Build.0 = Release|Any CPU
		{9E22F907-D14A-410B-B83D-D72C5FFFF986}.Ad-Hoc|iPhoneSimulator.Deploy.0 = Release|Any CPU
		{9E22F907-D14A-410B-B83D-D72C5FFFF986}.Ad-Hoc|x64.ActiveCfg = Release|Any CPU
		{9E22F907-D14A-410B-B83D-D72C5FFFF986}.Ad-Hoc|x64.Build.0 = Release|Any CPU
		{9E22F907-D14A-410B-B83D-D72C5FFFF986}.Ad-Hoc|x64.Deploy.0 = Release|Any CPU
		{9E22F907-D14A-410B-B83D-D72C5FFFF986}.Ad-Hoc|x86.ActiveCfg = Release|Any CPU
		{9E22F907-D14A-410B-B83D-D72C5FFFF986}.Ad-Hoc|x86.Build.0 = Release|Any CPU
		{9E22F907-D14A-410B-B83D-D72C5FFFF986}.Ad-Hoc|x86.Deploy.0 = Release|Any CPU
		{9E22F907-D14A-410B-B83D-D72C5FFFF986}.AppStore|Any CPU.ActiveCfg = Release|Any CPU
		{9E22F907-D14A-410B-B83D-D72C5FFFF986}.AppStore|Any CPU.Build.0 = Release|Any CPU
		{9E22F907-D14A-410B-B83D-D72C5FFFF986}.AppStore|Any CPU.Deploy.0 = Release|Any CPU
		{9E22F907-D14A-410B-B83D-D72C5FFFF986}.AppStore|ARM.ActiveCfg = Release|Any CPU
		{9E22F907-D14A-410B-B83D-D72C5FFFF986}.AppStore|ARM.Build.0 = Release|Any CPU
		{9E22F907-D14A-410B-B83D-D72C5FFFF986}.AppStore|ARM.Deploy.0 = Release|Any CPU
		{9E22F907-D14A-410B-B83D-D72C5FFFF986}.AppStore|iPhone.ActiveCfg = Release|Any CPU
		{9E22F907-D14A-410B-B83D-D72C5FFFF986}.AppStore|iPhone.Build.0 = Release|Any CPU
		{9E22F907-D14A-410B-B83D-D72C5FFFF986}.AppStore|iPhone.Deploy.0 = Release|Any CPU
		{9E22F907-D14A-410B-B83D-D72C5FFFF986}.AppStore|iPhoneSimulator.ActiveCfg = Release|Any CPU
		{9E22F907-D14A-410B-B83D-D72C5FFFF986}.AppStore|iPhoneSimulator.Build.0 = Release|Any CPU
		{9E22F907-D14A-410B-B83D-D72C5FFFF986}.AppStore|iPhoneSimulator.Deploy.0 = Release|Any CPU
		{9E22F907-D14A-410B-B83D-D72C5FFFF986}.AppStore|x64.ActiveCfg = Release|Any CPU
		{9E22F907-D14A-410B-B83D-D72C5FFFF986}.AppStore|x64.Build.0 = Release|Any CPU
		{9E22F907-D14A-410B-B83D-D72C5FFFF986}.AppStore|x64.Deploy.0 = Release|Any CPU
		{9E22F907-D14A-410B-B83D-D72C5FFFF986}.AppStore|x86.ActiveCfg = Release|Any CPU
		{9E22F907-D14A-410B-B83D-D72C5FFFF986}.AppStore|x86.Build.0 = Release|Any CPU
		{9E22F907-D14A-410B-B83D-D72C5FFFF986}.AppStore|x86.Deploy.0 = Release|Any CPU
		{9E22F907-D14A-410B-B83D-D72C5FFFF986}.Debug|Any CPU.ActiveCfg = Debug|Any CPU
		{9E22F907-D14A-410B-B83D-D72C5FFFF986}.Debug|Any CPU.Build.0 = Debug|Any CPU
		{9E22F907-D14A-410B-B83D-D72C5FFFF986}.Debug|Any CPU.Deploy.0 = Debug|Any CPU
		{9E22F907-D14A-410B-B83D-D72C5FFFF986}.Debug|ARM.ActiveCfg = Debug|Any CPU
		{9E22F907-D14A-410B-B83D-D72C5FFFF986}.Debug|ARM.Build.0 = Debug|Any CPU
		{9E22F907-D14A-410B-B83D-D72C5FFFF986}.Debug|ARM.Deploy.0 = Debug|Any CPU
		{9E22F907-D14A-410B-B83D-D72C5FFFF986}.Debug|iPhone.ActiveCfg = Debug|Any CPU
		{9E22F907-D14A-410B-B83D-D72C5FFFF986}.Debug|iPhone.Build.0 = Debug|Any CPU
		{9E22F907-D14A-410B-B83D-D72C5FFFF986}.Debug|iPhone.Deploy.0 = Debug|Any CPU
		{9E22F907-D14A-410B-B83D-D72C5FFFF986}.Debug|iPhoneSimulator.ActiveCfg = Debug|Any CPU
		{9E22F907-D14A-410B-B83D-D72C5FFFF986}.Debug|iPhoneSimulator.Build.0 = Debug|Any CPU
		{9E22F907-D14A-410B-B83D-D72C5FFFF986}.Debug|iPhoneSimulator.Deploy.0 = Debug|Any CPU
		{9E22F907-D14A-410B-B83D-D72C5FFFF986}.Debug|x64.ActiveCfg = Debug|Any CPU
		{9E22F907-D14A-410B-B83D-D72C5FFFF986}.Debug|x64.Build.0 = Debug|Any CPU
		{9E22F907-D14A-410B-B83D-D72C5FFFF986}.Debug|x64.Deploy.0 = Debug|Any CPU
		{9E22F907-D14A-410B-B83D-D72C5FFFF986}.Debug|x86.ActiveCfg = Debug|Any CPU
		{9E22F907-D14A-410B-B83D-D72C5FFFF986}.Debug|x86.Build.0 = Debug|Any CPU
		{9E22F907-D14A-410B-B83D-D72C5FFFF986}.Debug|x86.Deploy.0 = Debug|Any CPU
		{9E22F907-D14A-410B-B83D-D72C5FFFF986}.Release|Any CPU.ActiveCfg = Release|Any CPU
		{9E22F907-D14A-410B-B83D-D72C5FFFF986}.Release|Any CPU.Build.0 = Release|Any CPU
		{9E22F907-D14A-410B-B83D-D72C5FFFF986}.Release|Any CPU.Deploy.0 = Release|Any CPU
		{9E22F907-D14A-410B-B83D-D72C5FFFF986}.Release|ARM.ActiveCfg = Release|Any CPU
		{9E22F907-D14A-410B-B83D-D72C5FFFF986}.Release|ARM.Build.0 = Release|Any CPU
		{9E22F907-D14A-410B-B83D-D72C5FFFF986}.Release|ARM.Deploy.0 = Release|Any CPU
		{9E22F907-D14A-410B-B83D-D72C5FFFF986}.Release|iPhone.ActiveCfg = Release|Any CPU
		{9E22F907-D14A-410B-B83D-D72C5FFFF986}.Release|iPhone.Build.0 = Release|Any CPU
		{9E22F907-D14A-410B-B83D-D72C5FFFF986}.Release|iPhone.Deploy.0 = Release|Any CPU
		{9E22F907-D14A-410B-B83D-D72C5FFFF986}.Release|iPhoneSimulator.ActiveCfg = Release|Any CPU
		{9E22F907-D14A-410B-B83D-D72C5FFFF986}.Release|iPhoneSimulator.Build.0 = Release|Any CPU
		{9E22F907-D14A-410B-B83D-D72C5FFFF986}.Release|iPhoneSimulator.Deploy.0 = Release|Any CPU
		{9E22F907-D14A-410B-B83D-D72C5FFFF986}.Release|x64.ActiveCfg = Release|Any CPU
		{9E22F907-D14A-410B-B83D-D72C5FFFF986}.Release|x64.Build.0 = Release|Any CPU
		{9E22F907-D14A-410B-B83D-D72C5FFFF986}.Release|x64.Deploy.0 = Release|Any CPU
		{9E22F907-D14A-410B-B83D-D72C5FFFF986}.Release|x86.ActiveCfg = Release|Any CPU
		{9E22F907-D14A-410B-B83D-D72C5FFFF986}.Release|x86.Build.0 = Release|Any CPU
		{9E22F907-D14A-410B-B83D-D72C5FFFF986}.Release|x86.Deploy.0 = Release|Any CPU
		{6A3D687F-5E31-4A8F-932A-73B8754F7E51}.Ad-Hoc|Any CPU.ActiveCfg = Release|Any CPU
		{6A3D687F-5E31-4A8F-932A-73B8754F7E51}.Ad-Hoc|Any CPU.Build.0 = Release|Any CPU
		{6A3D687F-5E31-4A8F-932A-73B8754F7E51}.Ad-Hoc|ARM.ActiveCfg = Release|Any CPU
		{6A3D687F-5E31-4A8F-932A-73B8754F7E51}.Ad-Hoc|ARM.Build.0 = Release|Any CPU
		{6A3D687F-5E31-4A8F-932A-73B8754F7E51}.Ad-Hoc|iPhone.ActiveCfg = Release|Any CPU
		{6A3D687F-5E31-4A8F-932A-73B8754F7E51}.Ad-Hoc|iPhone.Build.0 = Release|Any CPU
		{6A3D687F-5E31-4A8F-932A-73B8754F7E51}.Ad-Hoc|iPhoneSimulator.ActiveCfg = Release|Any CPU
		{6A3D687F-5E31-4A8F-932A-73B8754F7E51}.Ad-Hoc|iPhoneSimulator.Build.0 = Release|Any CPU
		{6A3D687F-5E31-4A8F-932A-73B8754F7E51}.Ad-Hoc|x64.ActiveCfg = Release|Any CPU
		{6A3D687F-5E31-4A8F-932A-73B8754F7E51}.Ad-Hoc|x64.Build.0 = Release|Any CPU
		{6A3D687F-5E31-4A8F-932A-73B8754F7E51}.Ad-Hoc|x86.ActiveCfg = Release|Any CPU
		{6A3D687F-5E31-4A8F-932A-73B8754F7E51}.Ad-Hoc|x86.Build.0 = Release|Any CPU
		{6A3D687F-5E31-4A8F-932A-73B8754F7E51}.AppStore|Any CPU.ActiveCfg = Release|Any CPU
		{6A3D687F-5E31-4A8F-932A-73B8754F7E51}.AppStore|Any CPU.Build.0 = Release|Any CPU
		{6A3D687F-5E31-4A8F-932A-73B8754F7E51}.AppStore|ARM.ActiveCfg = Release|Any CPU
		{6A3D687F-5E31-4A8F-932A-73B8754F7E51}.AppStore|ARM.Build.0 = Release|Any CPU
		{6A3D687F-5E31-4A8F-932A-73B8754F7E51}.AppStore|iPhone.ActiveCfg = Release|Any CPU
		{6A3D687F-5E31-4A8F-932A-73B8754F7E51}.AppStore|iPhone.Build.0 = Release|Any CPU
		{6A3D687F-5E31-4A8F-932A-73B8754F7E51}.AppStore|iPhoneSimulator.ActiveCfg = Release|Any CPU
		{6A3D687F-5E31-4A8F-932A-73B8754F7E51}.AppStore|iPhoneSimulator.Build.0 = Release|Any CPU
		{6A3D687F-5E31-4A8F-932A-73B8754F7E51}.AppStore|x64.ActiveCfg = Release|Any CPU
		{6A3D687F-5E31-4A8F-932A-73B8754F7E51}.AppStore|x64.Build.0 = Release|Any CPU
		{6A3D687F-5E31-4A8F-932A-73B8754F7E51}.AppStore|x86.ActiveCfg = Release|Any CPU
		{6A3D687F-5E31-4A8F-932A-73B8754F7E51}.AppStore|x86.Build.0 = Release|Any CPU
		{6A3D687F-5E31-4A8F-932A-73B8754F7E51}.Debug|Any CPU.ActiveCfg = Debug|Any CPU
		{6A3D687F-5E31-4A8F-932A-73B8754F7E51}.Debug|Any CPU.Build.0 = Debug|Any CPU
		{6A3D687F-5E31-4A8F-932A-73B8754F7E51}.Debug|ARM.ActiveCfg = Debug|Any CPU
		{6A3D687F-5E31-4A8F-932A-73B8754F7E51}.Debug|ARM.Build.0 = Debug|Any CPU
		{6A3D687F-5E31-4A8F-932A-73B8754F7E51}.Debug|iPhone.ActiveCfg = Debug|Any CPU
		{6A3D687F-5E31-4A8F-932A-73B8754F7E51}.Debug|iPhone.Build.0 = Debug|Any CPU
		{6A3D687F-5E31-4A8F-932A-73B8754F7E51}.Debug|iPhoneSimulator.ActiveCfg = Debug|Any CPU
		{6A3D687F-5E31-4A8F-932A-73B8754F7E51}.Debug|iPhoneSimulator.Build.0 = Debug|Any CPU
		{6A3D687F-5E31-4A8F-932A-73B8754F7E51}.Debug|x64.ActiveCfg = Debug|Any CPU
		{6A3D687F-5E31-4A8F-932A-73B8754F7E51}.Debug|x64.Build.0 = Debug|Any CPU
		{6A3D687F-5E31-4A8F-932A-73B8754F7E51}.Debug|x86.ActiveCfg = Debug|Any CPU
		{6A3D687F-5E31-4A8F-932A-73B8754F7E51}.Debug|x86.Build.0 = Debug|Any CPU
		{6A3D687F-5E31-4A8F-932A-73B8754F7E51}.Release|Any CPU.ActiveCfg = Release|Any CPU
		{6A3D687F-5E31-4A8F-932A-73B8754F7E51}.Release|Any CPU.Build.0 = Release|Any CPU
		{6A3D687F-5E31-4A8F-932A-73B8754F7E51}.Release|ARM.ActiveCfg = Release|Any CPU
		{6A3D687F-5E31-4A8F-932A-73B8754F7E51}.Release|ARM.Build.0 = Release|Any CPU
		{6A3D687F-5E31-4A8F-932A-73B8754F7E51}.Release|iPhone.ActiveCfg = Release|Any CPU
		{6A3D687F-5E31-4A8F-932A-73B8754F7E51}.Release|iPhone.Build.0 = Release|Any CPU
		{6A3D687F-5E31-4A8F-932A-73B8754F7E51}.Release|iPhoneSimulator.ActiveCfg = Release|Any CPU
		{6A3D687F-5E31-4A8F-932A-73B8754F7E51}.Release|iPhoneSimulator.Build.0 = Release|Any CPU
		{6A3D687F-5E31-4A8F-932A-73B8754F7E51}.Release|x64.ActiveCfg = Release|Any CPU
		{6A3D687F-5E31-4A8F-932A-73B8754F7E51}.Release|x64.Build.0 = Release|Any CPU
		{6A3D687F-5E31-4A8F-932A-73B8754F7E51}.Release|x86.ActiveCfg = Release|Any CPU
		{6A3D687F-5E31-4A8F-932A-73B8754F7E51}.Release|x86.Build.0 = Release|Any CPU
		{FA9EEC45-DF98-4C3C-80AE-9EC7D9C40A06}.Ad-Hoc|Any CPU.ActiveCfg = Release|x86
		{FA9EEC45-DF98-4C3C-80AE-9EC7D9C40A06}.Ad-Hoc|Any CPU.Build.0 = Release|x86
		{FA9EEC45-DF98-4C3C-80AE-9EC7D9C40A06}.Ad-Hoc|Any CPU.Deploy.0 = Release|x86
		{FA9EEC45-DF98-4C3C-80AE-9EC7D9C40A06}.Ad-Hoc|ARM.ActiveCfg = Release|ARM
		{FA9EEC45-DF98-4C3C-80AE-9EC7D9C40A06}.Ad-Hoc|ARM.Build.0 = Release|ARM
		{FA9EEC45-DF98-4C3C-80AE-9EC7D9C40A06}.Ad-Hoc|ARM.Deploy.0 = Release|ARM
		{FA9EEC45-DF98-4C3C-80AE-9EC7D9C40A06}.Ad-Hoc|iPhone.ActiveCfg = Release|x86
		{FA9EEC45-DF98-4C3C-80AE-9EC7D9C40A06}.Ad-Hoc|iPhone.Build.0 = Release|x86
		{FA9EEC45-DF98-4C3C-80AE-9EC7D9C40A06}.Ad-Hoc|iPhone.Deploy.0 = Release|x86
		{FA9EEC45-DF98-4C3C-80AE-9EC7D9C40A06}.Ad-Hoc|iPhoneSimulator.ActiveCfg = Release|x86
		{FA9EEC45-DF98-4C3C-80AE-9EC7D9C40A06}.Ad-Hoc|iPhoneSimulator.Build.0 = Release|x86
		{FA9EEC45-DF98-4C3C-80AE-9EC7D9C40A06}.Ad-Hoc|iPhoneSimulator.Deploy.0 = Release|x86
		{FA9EEC45-DF98-4C3C-80AE-9EC7D9C40A06}.Ad-Hoc|x64.ActiveCfg = Release|x64
		{FA9EEC45-DF98-4C3C-80AE-9EC7D9C40A06}.Ad-Hoc|x64.Build.0 = Release|x64
		{FA9EEC45-DF98-4C3C-80AE-9EC7D9C40A06}.Ad-Hoc|x64.Deploy.0 = Release|x64
		{FA9EEC45-DF98-4C3C-80AE-9EC7D9C40A06}.Ad-Hoc|x86.ActiveCfg = Release|x86
		{FA9EEC45-DF98-4C3C-80AE-9EC7D9C40A06}.Ad-Hoc|x86.Build.0 = Release|x86
		{FA9EEC45-DF98-4C3C-80AE-9EC7D9C40A06}.Ad-Hoc|x86.Deploy.0 = Release|x86
		{FA9EEC45-DF98-4C3C-80AE-9EC7D9C40A06}.AppStore|Any CPU.ActiveCfg = Release|x86
		{FA9EEC45-DF98-4C3C-80AE-9EC7D9C40A06}.AppStore|Any CPU.Build.0 = Release|x86
		{FA9EEC45-DF98-4C3C-80AE-9EC7D9C40A06}.AppStore|Any CPU.Deploy.0 = Release|x86
		{FA9EEC45-DF98-4C3C-80AE-9EC7D9C40A06}.AppStore|ARM.ActiveCfg = Release|ARM
		{FA9EEC45-DF98-4C3C-80AE-9EC7D9C40A06}.AppStore|ARM.Build.0 = Release|ARM
		{FA9EEC45-DF98-4C3C-80AE-9EC7D9C40A06}.AppStore|ARM.Deploy.0 = Release|ARM
		{FA9EEC45-DF98-4C3C-80AE-9EC7D9C40A06}.AppStore|iPhone.ActiveCfg = Release|x86
		{FA9EEC45-DF98-4C3C-80AE-9EC7D9C40A06}.AppStore|iPhone.Build.0 = Release|x86
		{FA9EEC45-DF98-4C3C-80AE-9EC7D9C40A06}.AppStore|iPhone.Deploy.0 = Release|x86
		{FA9EEC45-DF98-4C3C-80AE-9EC7D9C40A06}.AppStore|iPhoneSimulator.ActiveCfg = Release|x86
		{FA9EEC45-DF98-4C3C-80AE-9EC7D9C40A06}.AppStore|iPhoneSimulator.Build.0 = Release|x86
		{FA9EEC45-DF98-4C3C-80AE-9EC7D9C40A06}.AppStore|iPhoneSimulator.Deploy.0 = Release|x86
		{FA9EEC45-DF98-4C3C-80AE-9EC7D9C40A06}.AppStore|x64.ActiveCfg = Release|x64
		{FA9EEC45-DF98-4C3C-80AE-9EC7D9C40A06}.AppStore|x64.Build.0 = Release|x64
		{FA9EEC45-DF98-4C3C-80AE-9EC7D9C40A06}.AppStore|x64.Deploy.0 = Release|x64
		{FA9EEC45-DF98-4C3C-80AE-9EC7D9C40A06}.AppStore|x86.ActiveCfg = Release|x86
		{FA9EEC45-DF98-4C3C-80AE-9EC7D9C40A06}.AppStore|x86.Build.0 = Release|x86
		{FA9EEC45-DF98-4C3C-80AE-9EC7D9C40A06}.AppStore|x86.Deploy.0 = Release|x86
		{FA9EEC45-DF98-4C3C-80AE-9EC7D9C40A06}.Debug|Any CPU.ActiveCfg = Debug|x86
		{FA9EEC45-DF98-4C3C-80AE-9EC7D9C40A06}.Debug|Any CPU.Build.0 = Debug|x86
		{FA9EEC45-DF98-4C3C-80AE-9EC7D9C40A06}.Debug|Any CPU.Deploy.0 = Debug|x86
		{FA9EEC45-DF98-4C3C-80AE-9EC7D9C40A06}.Debug|ARM.ActiveCfg = Debug|ARM
		{FA9EEC45-DF98-4C3C-80AE-9EC7D9C40A06}.Debug|ARM.Build.0 = Debug|ARM
		{FA9EEC45-DF98-4C3C-80AE-9EC7D9C40A06}.Debug|ARM.Deploy.0 = Debug|ARM
		{FA9EEC45-DF98-4C3C-80AE-9EC7D9C40A06}.Debug|iPhone.ActiveCfg = Debug|x86
		{FA9EEC45-DF98-4C3C-80AE-9EC7D9C40A06}.Debug|iPhoneSimulator.ActiveCfg = Debug|x86
		{FA9EEC45-DF98-4C3C-80AE-9EC7D9C40A06}.Debug|x64.ActiveCfg = Debug|x64
		{FA9EEC45-DF98-4C3C-80AE-9EC7D9C40A06}.Debug|x64.Build.0 = Debug|x64
		{FA9EEC45-DF98-4C3C-80AE-9EC7D9C40A06}.Debug|x64.Deploy.0 = Debug|x64
		{FA9EEC45-DF98-4C3C-80AE-9EC7D9C40A06}.Debug|x86.ActiveCfg = Debug|x86
		{FA9EEC45-DF98-4C3C-80AE-9EC7D9C40A06}.Debug|x86.Build.0 = Debug|x86
		{FA9EEC45-DF98-4C3C-80AE-9EC7D9C40A06}.Debug|x86.Deploy.0 = Debug|x86
		{FA9EEC45-DF98-4C3C-80AE-9EC7D9C40A06}.Release|Any CPU.ActiveCfg = Release|x86
		{FA9EEC45-DF98-4C3C-80AE-9EC7D9C40A06}.Release|ARM.ActiveCfg = Release|ARM
		{FA9EEC45-DF98-4C3C-80AE-9EC7D9C40A06}.Release|ARM.Build.0 = Release|ARM
		{FA9EEC45-DF98-4C3C-80AE-9EC7D9C40A06}.Release|ARM.Deploy.0 = Release|ARM
		{FA9EEC45-DF98-4C3C-80AE-9EC7D9C40A06}.Release|iPhone.ActiveCfg = Release|x86
		{FA9EEC45-DF98-4C3C-80AE-9EC7D9C40A06}.Release|iPhoneSimulator.ActiveCfg = Release|x86
		{FA9EEC45-DF98-4C3C-80AE-9EC7D9C40A06}.Release|x64.ActiveCfg = Release|x64
		{FA9EEC45-DF98-4C3C-80AE-9EC7D9C40A06}.Release|x64.Build.0 = Release|x64
		{FA9EEC45-DF98-4C3C-80AE-9EC7D9C40A06}.Release|x64.Deploy.0 = Release|x64
		{FA9EEC45-DF98-4C3C-80AE-9EC7D9C40A06}.Release|x86.ActiveCfg = Release|x86
		{FA9EEC45-DF98-4C3C-80AE-9EC7D9C40A06}.Release|x86.Build.0 = Release|x86
		{FA9EEC45-DF98-4C3C-80AE-9EC7D9C40A06}.Release|x86.Deploy.0 = Release|x86
		{019BA7FB-C5AB-44EC-8EED-99C37CA2B8BB}.Ad-Hoc|Any CPU.ActiveCfg = Ad-Hoc|iPhone
		{019BA7FB-C5AB-44EC-8EED-99C37CA2B8BB}.Ad-Hoc|ARM.ActiveCfg = Ad-Hoc|iPhone
		{019BA7FB-C5AB-44EC-8EED-99C37CA2B8BB}.Ad-Hoc|iPhone.ActiveCfg = Ad-Hoc|iPhone
		{019BA7FB-C5AB-44EC-8EED-99C37CA2B8BB}.Ad-Hoc|iPhone.Build.0 = Ad-Hoc|iPhone
		{019BA7FB-C5AB-44EC-8EED-99C37CA2B8BB}.Ad-Hoc|iPhoneSimulator.ActiveCfg = Ad-Hoc|iPhoneSimulator
		{019BA7FB-C5AB-44EC-8EED-99C37CA2B8BB}.Ad-Hoc|iPhoneSimulator.Build.0 = Ad-Hoc|iPhoneSimulator
		{019BA7FB-C5AB-44EC-8EED-99C37CA2B8BB}.Ad-Hoc|x64.ActiveCfg = Ad-Hoc|iPhone
		{019BA7FB-C5AB-44EC-8EED-99C37CA2B8BB}.Ad-Hoc|x86.ActiveCfg = Ad-Hoc|iPhone
		{019BA7FB-C5AB-44EC-8EED-99C37CA2B8BB}.AppStore|Any CPU.ActiveCfg = AppStore|iPhone
		{019BA7FB-C5AB-44EC-8EED-99C37CA2B8BB}.AppStore|ARM.ActiveCfg = AppStore|iPhone
		{019BA7FB-C5AB-44EC-8EED-99C37CA2B8BB}.AppStore|iPhone.ActiveCfg = AppStore|iPhone
		{019BA7FB-C5AB-44EC-8EED-99C37CA2B8BB}.AppStore|iPhone.Build.0 = AppStore|iPhone
		{019BA7FB-C5AB-44EC-8EED-99C37CA2B8BB}.AppStore|iPhoneSimulator.ActiveCfg = AppStore|iPhoneSimulator
		{019BA7FB-C5AB-44EC-8EED-99C37CA2B8BB}.AppStore|iPhoneSimulator.Build.0 = AppStore|iPhoneSimulator
		{019BA7FB-C5AB-44EC-8EED-99C37CA2B8BB}.AppStore|x64.ActiveCfg = AppStore|iPhone
		{019BA7FB-C5AB-44EC-8EED-99C37CA2B8BB}.AppStore|x86.ActiveCfg = AppStore|iPhone
		{019BA7FB-C5AB-44EC-8EED-99C37CA2B8BB}.Debug|Any CPU.ActiveCfg = Debug|iPhone
		{019BA7FB-C5AB-44EC-8EED-99C37CA2B8BB}.Debug|Any CPU.Build.0 = Debug|iPhone
		{019BA7FB-C5AB-44EC-8EED-99C37CA2B8BB}.Debug|ARM.ActiveCfg = Debug|iPhone
		{019BA7FB-C5AB-44EC-8EED-99C37CA2B8BB}.Debug|iPhone.ActiveCfg = Debug|iPhone
		{019BA7FB-C5AB-44EC-8EED-99C37CA2B8BB}.Debug|iPhone.Build.0 = Debug|iPhone
		{019BA7FB-C5AB-44EC-8EED-99C37CA2B8BB}.Debug|iPhoneSimulator.ActiveCfg = Debug|iPhoneSimulator
		{019BA7FB-C5AB-44EC-8EED-99C37CA2B8BB}.Debug|iPhoneSimulator.Build.0 = Debug|iPhoneSimulator
		{019BA7FB-C5AB-44EC-8EED-99C37CA2B8BB}.Debug|x64.ActiveCfg = Debug|iPhone
		{019BA7FB-C5AB-44EC-8EED-99C37CA2B8BB}.Debug|x86.ActiveCfg = Debug|iPhone
		{019BA7FB-C5AB-44EC-8EED-99C37CA2B8BB}.Release|Any CPU.ActiveCfg = Release|iPhone
		{019BA7FB-C5AB-44EC-8EED-99C37CA2B8BB}.Release|ARM.ActiveCfg = Release|iPhone
		{019BA7FB-C5AB-44EC-8EED-99C37CA2B8BB}.Release|iPhone.ActiveCfg = Release|iPhone
		{019BA7FB-C5AB-44EC-8EED-99C37CA2B8BB}.Release|iPhone.Build.0 = Release|iPhone
		{019BA7FB-C5AB-44EC-8EED-99C37CA2B8BB}.Release|iPhoneSimulator.ActiveCfg = Release|iPhoneSimulator
		{019BA7FB-C5AB-44EC-8EED-99C37CA2B8BB}.Release|iPhoneSimulator.Build.0 = Release|iPhoneSimulator
		{019BA7FB-C5AB-44EC-8EED-99C37CA2B8BB}.Release|x64.ActiveCfg = Release|iPhone
		{019BA7FB-C5AB-44EC-8EED-99C37CA2B8BB}.Release|x86.ActiveCfg = Release|iPhone
		{6FB10576-23A4-4066-B7B3-BD0A98C78FFA}.Ad-Hoc|Any CPU.ActiveCfg = Release|Any CPU
		{6FB10576-23A4-4066-B7B3-BD0A98C78FFA}.Ad-Hoc|Any CPU.Build.0 = Release|Any CPU
		{6FB10576-23A4-4066-B7B3-BD0A98C78FFA}.Ad-Hoc|ARM.ActiveCfg = Release|Any CPU
		{6FB10576-23A4-4066-B7B3-BD0A98C78FFA}.Ad-Hoc|ARM.Build.0 = Release|Any CPU
		{6FB10576-23A4-4066-B7B3-BD0A98C78FFA}.Ad-Hoc|iPhone.ActiveCfg = Release|Any CPU
		{6FB10576-23A4-4066-B7B3-BD0A98C78FFA}.Ad-Hoc|iPhone.Build.0 = Release|Any CPU
		{6FB10576-23A4-4066-B7B3-BD0A98C78FFA}.Ad-Hoc|iPhoneSimulator.ActiveCfg = Release|Any CPU
		{6FB10576-23A4-4066-B7B3-BD0A98C78FFA}.Ad-Hoc|iPhoneSimulator.Build.0 = Release|Any CPU
		{6FB10576-23A4-4066-B7B3-BD0A98C78FFA}.Ad-Hoc|x64.ActiveCfg = Release|Any CPU
		{6FB10576-23A4-4066-B7B3-BD0A98C78FFA}.Ad-Hoc|x64.Build.0 = Release|Any CPU
		{6FB10576-23A4-4066-B7B3-BD0A98C78FFA}.Ad-Hoc|x86.ActiveCfg = Release|Any CPU
		{6FB10576-23A4-4066-B7B3-BD0A98C78FFA}.Ad-Hoc|x86.Build.0 = Release|Any CPU
		{6FB10576-23A4-4066-B7B3-BD0A98C78FFA}.AppStore|Any CPU.ActiveCfg = Release|Any CPU
		{6FB10576-23A4-4066-B7B3-BD0A98C78FFA}.AppStore|Any CPU.Build.0 = Release|Any CPU
		{6FB10576-23A4-4066-B7B3-BD0A98C78FFA}.AppStore|ARM.ActiveCfg = Release|Any CPU
		{6FB10576-23A4-4066-B7B3-BD0A98C78FFA}.AppStore|ARM.Build.0 = Release|Any CPU
		{6FB10576-23A4-4066-B7B3-BD0A98C78FFA}.AppStore|iPhone.ActiveCfg = Release|Any CPU
		{6FB10576-23A4-4066-B7B3-BD0A98C78FFA}.AppStore|iPhone.Build.0 = Release|Any CPU
		{6FB10576-23A4-4066-B7B3-BD0A98C78FFA}.AppStore|iPhoneSimulator.ActiveCfg = Release|Any CPU
		{6FB10576-23A4-4066-B7B3-BD0A98C78FFA}.AppStore|iPhoneSimulator.Build.0 = Release|Any CPU
		{6FB10576-23A4-4066-B7B3-BD0A98C78FFA}.AppStore|x64.ActiveCfg = Release|Any CPU
		{6FB10576-23A4-4066-B7B3-BD0A98C78FFA}.AppStore|x64.Build.0 = Release|Any CPU
		{6FB10576-23A4-4066-B7B3-BD0A98C78FFA}.AppStore|x86.ActiveCfg = Release|Any CPU
		{6FB10576-23A4-4066-B7B3-BD0A98C78FFA}.AppStore|x86.Build.0 = Release|Any CPU
		{6FB10576-23A4-4066-B7B3-BD0A98C78FFA}.Debug|Any CPU.ActiveCfg = Debug|Any CPU
		{6FB10576-23A4-4066-B7B3-BD0A98C78FFA}.Debug|Any CPU.Build.0 = Debug|Any CPU
		{6FB10576-23A4-4066-B7B3-BD0A98C78FFA}.Debug|ARM.ActiveCfg = Debug|Any CPU
		{6FB10576-23A4-4066-B7B3-BD0A98C78FFA}.Debug|ARM.Build.0 = Debug|Any CPU
		{6FB10576-23A4-4066-B7B3-BD0A98C78FFA}.Debug|iPhone.ActiveCfg = Debug|Any CPU
		{6FB10576-23A4-4066-B7B3-BD0A98C78FFA}.Debug|iPhone.Build.0 = Debug|Any CPU
		{6FB10576-23A4-4066-B7B3-BD0A98C78FFA}.Debug|iPhoneSimulator.ActiveCfg = Debug|Any CPU
		{6FB10576-23A4-4066-B7B3-BD0A98C78FFA}.Debug|iPhoneSimulator.Build.0 = Debug|Any CPU
		{6FB10576-23A4-4066-B7B3-BD0A98C78FFA}.Debug|x64.ActiveCfg = Debug|Any CPU
		{6FB10576-23A4-4066-B7B3-BD0A98C78FFA}.Debug|x64.Build.0 = Debug|Any CPU
		{6FB10576-23A4-4066-B7B3-BD0A98C78FFA}.Debug|x86.ActiveCfg = Debug|Any CPU
		{6FB10576-23A4-4066-B7B3-BD0A98C78FFA}.Debug|x86.Build.0 = Debug|Any CPU
		{6FB10576-23A4-4066-B7B3-BD0A98C78FFA}.Release|Any CPU.ActiveCfg = Release|Any CPU
		{6FB10576-23A4-4066-B7B3-BD0A98C78FFA}.Release|Any CPU.Build.0 = Release|Any CPU
		{6FB10576-23A4-4066-B7B3-BD0A98C78FFA}.Release|ARM.ActiveCfg = Release|Any CPU
		{6FB10576-23A4-4066-B7B3-BD0A98C78FFA}.Release|ARM.Build.0 = Release|Any CPU
		{6FB10576-23A4-4066-B7B3-BD0A98C78FFA}.Release|iPhone.ActiveCfg = Release|Any CPU
		{6FB10576-23A4-4066-B7B3-BD0A98C78FFA}.Release|iPhone.Build.0 = Release|Any CPU
		{6FB10576-23A4-4066-B7B3-BD0A98C78FFA}.Release|iPhoneSimulator.ActiveCfg = Release|Any CPU
		{6FB10576-23A4-4066-B7B3-BD0A98C78FFA}.Release|iPhoneSimulator.Build.0 = Release|Any CPU
		{6FB10576-23A4-4066-B7B3-BD0A98C78FFA}.Release|x64.ActiveCfg = Release|Any CPU
		{6FB10576-23A4-4066-B7B3-BD0A98C78FFA}.Release|x64.Build.0 = Release|Any CPU
		{6FB10576-23A4-4066-B7B3-BD0A98C78FFA}.Release|x86.ActiveCfg = Release|Any CPU
		{6FB10576-23A4-4066-B7B3-BD0A98C78FFA}.Release|x86.Build.0 = Release|Any CPU
	EndGlobalSection
	GlobalSection(SolutionProperties) = preSolution
		HideSolutionNode = FALSE
	EndGlobalSection
	GlobalSection(NestedProjects) = preSolution
		{DA481A2A-2AD7-4FA7-BFB0-E54E4F0E453B} = {134068EF-4129-4774-A5F8-DF6866DFE09D}
		{28C4C442-435C-4DA8-8B88-0F2366B2BCF2} = {134068EF-4129-4774-A5F8-DF6866DFE09D}
		{5B3F03C9-085F-42A1-ADA0-3EED016502F0} = {134068EF-4129-4774-A5F8-DF6866DFE09D}
		{EA4D71EB-60B5-4DAB-94A3-9A1E6A8786ED} = {134068EF-4129-4774-A5F8-DF6866DFE09D}
		{DEC5182E-9FDD-45CC-9CF7-A4C4F64A38B7} = {134068EF-4129-4774-A5F8-DF6866DFE09D}
		{D3141F6B-355A-4F19-B9D7-BCA7D2CAFACA} = {134068EF-4129-4774-A5F8-DF6866DFE09D}
		{6FB10576-23A4-4066-B7B3-BD0A98C78FFA} = {134068EF-4129-4774-A5F8-DF6866DFE09D}
		{F4A15DD9-921C-475D-AA23-A9687D48FD92} = {134068EF-4129-4774-A5F8-DF6866DFE09D}
	EndGlobalSection
EndGlobal
